<?xml version="1.0" encoding="utf-8"?>
<Project ToolsVersion="4.0" xmlns="http://schemas.microsoft.com/developer/msbuild/2003">
  <ItemGroup>
    <Filter Include="src">
      <UniqueIdentifier>{d11addc5-089b-4237-a3dd-c21f8f81dcf1}</UniqueIdentifier>
    </Filter>
    <Filter Include="src\wrapper">
      <UniqueIdentifier>{dc357853-3fa7-4fcb-a4f9-fc88674e8e1d}</UniqueIdentifier>
    </Filter>
    <Filter Include="src\shaders">
      <UniqueIdentifier>{52180507-935a-487d-9c58-dd9202ed102d}</UniqueIdentifier>
    </Filter>
    <Filter Include="src\wrapper\shader">
      <UniqueIdentifier>{71601e27-7660-4ad3-bdda-b54d097132f2}</UniqueIdentifier>
    </Filter>
    <Filter Include="src\wrapper\shader\pixel">
      <UniqueIdentifier>{ceb4a578-66bc-4b14-84ca-35c113c95d94}</UniqueIdentifier>
    </Filter>
    <Filter Include="src\wrapper\shader\vertex">
      <UniqueIdentifier>{1cfc6560-b94c-4693-b012-93d6f094bb6a}</UniqueIdentifier>
    </Filter>
    <Filter Include="src\shaders\passthrough-color">
      <UniqueIdentifier>{96464f3c-03ba-4c34-ae12-6b41d1f03e42}</UniqueIdentifier>
    </Filter>
    <Filter Include="src\shaders\passthrough-color\hlsl">
      <UniqueIdentifier>{b67a736f-327a-4a15-b714-b1c649210f52}</UniqueIdentifier>
    </Filter>
    <Filter Include="src\shaders\passthrough-texture">
      <UniqueIdentifier>{5cd2ae00-c6a2-4944-b479-c76735da1696}</UniqueIdentifier>
    </Filter>
    <Filter Include="src\shaders\sdf">
      <UniqueIdentifier>{1029af82-eb9b-4703-89b6-365a6dcc1123}</UniqueIdentifier>
    </Filter>
    <Filter Include="src\shaders\sdf\hlsl">
      <UniqueIdentifier>{438f9367-d19e-439f-a50a-dd15950bd893}</UniqueIdentifier>
    </Filter>
    <Filter Include="src\shaders\quad-gradient">
      <UniqueIdentifier>{29742bc6-6fcf-486b-9a3c-7b535f94618a}</UniqueIdentifier>
    </Filter>
    <Filter Include="src\shaders\quad-gradient\hlsl">
      <UniqueIdentifier>{ef0a2abf-8f67-49a5-a7bd-ca86e164143d}</UniqueIdentifier>
    </Filter>
    <Filter Include="src\shaders\passthrough-texture\hlsl">
      <UniqueIdentifier>{5b35510b-dea2-40e5-b875-5d91e82c48d0}</UniqueIdentifier>
    </Filter>
    <Filter Include="src\wrapper\frame-buffer">
      <UniqueIdentifier>{32d37479-6c2f-459c-a3d5-460753872ed5}</UniqueIdentifier>
    </Filter>
  </ItemGroup>
  <ItemGroup>
    <ClCompile Include="src\null-renderer-directx9.cpp">
      <Filter>src</Filter>
    </ClCompile>
    <ClCompile Include="src\wrapper\pixel\pixel.cpp">
      <Filter>src\wrapper\shader\pixel</Filter>
    </ClCompile>
    <ClCompile Include="src\wrapper\vertex\vertex.cpp">
      <Filter>src\wrapper\shader\vertex</Filter>
    </ClCompile>
  </ItemGroup>
  <ItemGroup>
    <ClInclude Include="src\null-renderer-directx9.h">
      <Filter>src</Filter>
    </ClInclude>
    <ClInclude Include="src\shaders\shader.h">
      <Filter>src\shaders</Filter>
    </ClInclude>
    <ClInclude Include="src\wrapper\shader\shader.h">
      <Filter>src\wrapper\shader</Filter>
    </ClInclude>
    <ClInclude Include="src\wrapper\pixel\pixel.h">
      <Filter>src\wrapper\shader\pixel</Filter>
    </ClInclude>
    <ClInclude Include="src\wrapper\vertex\vertex.h">
      <Filter>src\wrapper\shader\vertex</Filter>
    </ClInclude>
    <ClInclude Include="src\shaders\passthrough-color\passthrough-color.h">
      <Filter>src\shaders\passthrough-color</Filter>
    </ClInclude>
    <ClInclude Include="src\shaders\passthrough-texture\passthrough-texture.h">
      <Filter>src\shaders\passthrough-texture</Filter>
    </ClInclude>
    <ClInclude Include="src\shaders\quad-gradient\quad-gradient.h">
      <Filter>src\shaders\quad-gradient</Filter>
    </ClInclude>
    <ClInclude Include="src\shaders\sdf\sdf.h">
      <Filter>src\shaders\sdf</Filter>
    </ClInclude>
  </ItemGroup>
  <ItemGroup>
    <FxCompile Include="src\shaders\sdf\hlsl\sdf.hlsl">
      <Filter>src\shaders\sdf\hlsl</Filter>
    </FxCompile>
    <FxCompile Include="src\shaders\quad-gradient\hlsl\quad-gradient.hlsl">
      <Filter>src\shaders\quad-gradient\hlsl</Filter>
    </FxCompile>
    <FxCompile Include="src\shaders\passthrough-color\hlsl\passthrough-color-pixel.hlsl">
      <Filter>src\shaders\passthrough-color\hlsl</Filter>
    </FxCompile>
    <FxCompile Include="src\shaders\passthrough-color\hlsl\passthrough-color-vertex.hlsl">
      <Filter>src\shaders\passthrough-color\hlsl</Filter>
    </FxCompile>
    <FxCompile Include="src\shaders\passthrough-texture\hlsl\passthrough-texture-pixel.hlsl">
      <Filter>src\shaders\passthrough-texture\hlsl</Filter>
    </FxCompile>
    <FxCompile Include="src\shaders\passthrough-texture\hlsl\passthrough-texture-vertex.hlsl">
      <Filter>src\shaders\passthrough-texture\hlsl</Filter>
    </FxCompile>
  </ItemGroup>
</Project>