<?xml version="1.0" encoding="utf-8"?>
<Project ToolsVersion="4.0" xmlns="http://schemas.microsoft.com/developer/msbuild/2003">
  <ItemGroup>
    <Filter Include="src">
      <UniqueIdentifier>{d11addc5-089b-4237-a3dd-c21f8f81dcf1}</UniqueIdentifier>
    </Filter>
    <Filter Include="src\shaders">
      <UniqueIdentifier>{2c8b535c-f26b-449a-a026-0d9dec481687}</UniqueIdentifier>
    </Filter>
    <Filter Include="src\wrapper">
      <UniqueIdentifier>{84603a9a-7da5-46ee-91de-cb5f324746eb}</UniqueIdentifier>
    </Filter>
    <Filter Include="src\wrapper\shaders">
      <UniqueIdentifier>{737f040b-a628-4c80-b515-7425d35e42ae}</UniqueIdentifier>
    </Filter>
    <Filter Include="src\wrapper\shaders\pixel-shader">
      <UniqueIdentifier>{cc99b337-cf2f-4993-8537-2614339cb639}</UniqueIdentifier>
    </Filter>
    <Filter Include="src\wrapper\shaders\vertex-shader">
      <UniqueIdentifier>{267d87f9-95b6-4d6a-be8d-b14234dbb4c6}</UniqueIdentifier>
    </Filter>
    <Filter Include="src\wrapper\constant-buffer">
      <UniqueIdentifier>{0631fab0-6e2c-439b-8982-391e2883f19e}</UniqueIdentifier>
    </Filter>
    <Filter Include="src\shaders\passthrough-color">
      <UniqueIdentifier>{eeae46f4-5fb9-458d-9726-0566f675b35f}</UniqueIdentifier>
    </Filter>
    <Filter Include="src\shaders\passthrough-texture">
      <UniqueIdentifier>{80901cfd-29be-42a4-879a-13618a99942b}</UniqueIdentifier>
    </Filter>
    <Filter Include="src\shaders\quad-gradient">
      <UniqueIdentifier>{1a48af89-e860-4be8-b832-9cb93583d937}</UniqueIdentifier>
    </Filter>
    <Filter Include="src\shaders\sdf">
      <UniqueIdentifier>{41687e7f-5c9e-42de-bf2f-bdc24e400a9d}</UniqueIdentifier>
    </Filter>
    <Filter Include="src\shaders\passthrough-color\hlsl">
      <UniqueIdentifier>{2d7fbd82-4bf5-4a40-b44a-4671cf0ff693}</UniqueIdentifier>
    </Filter>
    <Filter Include="src\shaders\passthrough-texture\hlsl">
      <UniqueIdentifier>{a272d5e9-d519-4b80-99bb-4fe56c7c863c}</UniqueIdentifier>
    </Filter>
    <Filter Include="src\shaders\quad-gradient\hlsl">
      <UniqueIdentifier>{e84b2d27-54be-44ea-ba2b-a89e6e168e78}</UniqueIdentifier>
    </Filter>
    <Filter Include="src\shaders\sdf\hlsl">
      <UniqueIdentifier>{a07336e7-4d7c-4c38-a5b6-9ad8eeb92bd3}</UniqueIdentifier>
    </Filter>
  </ItemGroup>
  <ItemGroup>
    <ClCompile Include="src\null-renderer-directx11.cpp">
      <Filter>src</Filter>
    </ClCompile>
  </ItemGroup>
  <ItemGroup>
    <ClInclude Include="src\null-renderer-directx11.h">
      <Filter>src</Filter>
    </ClInclude>
    <ClInclude Include="src\shaders\shader.h">
      <Filter>src\shaders</Filter>
    </ClInclude>
    <ClInclude Include="src\wrapper\shaders\pixel-shader\pixel-shader.h">
      <Filter>src\wrapper\shaders\pixel-shader</Filter>
    </ClInclude>
    <ClInclude Include="src\wrapper\shaders\shader.h">
      <Filter>src\wrapper\shaders</Filter>
    </ClInclude>
    <ClInclude Include="src\wrapper\shaders\vertex-shader\vertex-shader.h">
      <Filter>src\wrapper\shaders\vertex-shader</Filter>
    </ClInclude>
    <ClInclude Include="src\wrapper\constant-buffer\constant-buffer.h">
      <Filter>src\wrapper\constant-buffer</Filter>
    </ClInclude>
    <ClInclude Include="src\shaders\passthrough-color\passthrough-color.h">
      <Filter>src\shaders\passthrough-color</Filter>
    </ClInclude>
    <ClInclude Include="src\shaders\passthrough-texture\passthrough-texture.h">
      <Filter>src\shaders\passthrough-texture</Filter>
    </ClInclude>
    <ClInclude Include="src\shaders\quad-gradient\quad-gradient.h">
      <Filter>src\shaders\quad-gradient</Filter>
    </ClInclude>
    <ClInclude Include="src\shaders\sdf\sdf.h">
      <Filter>src\shaders\sdf</Filter>
    </ClInclude>
  </ItemGroup>
  <ItemGroup>
    <FxCompile Include="src\shaders\passthrough-color\hlsl\passthrough-color-pixel.hlsl">
      <Filter>src\shaders\passthrough-color\hlsl</Filter>
    </FxCompile>
    <FxCompile Include="src\shaders\passthrough-color\hlsl\passthrough-color-vertex.hlsl">
      <Filter>src\shaders\passthrough-color\hlsl</Filter>
    </FxCompile>
    <FxCompile Include="src\shaders\passthrough-texture\hlsl\passthrough-texture-pixel.hlsl">
      <Filter>src\shaders\passthrough-texture\hlsl</Filter>
    </FxCompile>
    <FxCompile Include="src\shaders\passthrough-texture\hlsl\passthrough-texture-vertex.hlsl">
      <Filter>src\shaders\passthrough-texture\hlsl</Filter>
    </FxCompile>
    <FxCompile Include="src\shaders\quad-gradient\hlsl\quad-gradient.hlsl">
      <Filter>src\shaders\quad-gradient\hlsl</Filter>
    </FxCompile>
    <FxCompile Include="src\shaders\sdf\hlsl\sdf.hlsl">
      <Filter>src\shaders\sdf\hlsl</Filter>
    </FxCompile>
  </ItemGroup>
</Project>