<?xml version="1.0" encoding="utf-8"?>
<Project ToolsVersion="4.0" xmlns="http://schemas.microsoft.com/developer/msbuild/2003">
  <ItemGroup>
    <Filter Include="src">
      <UniqueIdentifier>{d11addc5-089b-4237-a3dd-c21f8f81dcf1}</UniqueIdentifier>
    </Filter>
    <Filter Include="src\shaders">
      <UniqueIdentifier>{2c8b535c-f26b-449a-a026-0d9dec481687}</UniqueIdentifier>
    </Filter>
    <Filter Include="src\wrapper">
      <UniqueIdentifier>{84603a9a-7da5-46ee-91de-cb5f324746eb}</UniqueIdentifier>
    </Filter>
    <Filter Include="src\wrapper\shaders">
      <UniqueIdentifier>{737f040b-a628-4c80-b515-7425d35e42ae}</UniqueIdentifier>
    </Filter>
    <Filter Include="src\wrapper\constant-buffer">
      <UniqueIdentifier>{0631fab0-6e2c-439b-8982-391e2883f19e}</UniqueIdentifier>
    </Filter>
    <Filter Include="src\internal">
      <UniqueIdentifier>{af9b015d-5f8d-44fc-9709-42416923b833}</UniqueIdentifier>
    </Filter>
    <Filter Include="src\internal\frame-buffer">
      <UniqueIdentifier>{8b6bd0d9-564a-4fb5-9531-9bc4591c7181}</UniqueIdentifier>
    </Filter>
    <Filter Include="src\internal\mesh">
      <UniqueIdentifier>{fc18e55a-e7b0-4dcc-b637-f815e842aa09}</UniqueIdentifier>
    </Filter>
    <Filter Include="src\renderer">
      <UniqueIdentifier>{a9d4b66d-3e6b-42b4-bdb4-5c5b97589428}</UniqueIdentifier>
    </Filter>
    <Filter Include="src\shaders\shared-objects">
      <UniqueIdentifier>{521037fb-2d84-443f-a267-0217ed840e69}</UniqueIdentifier>
    </Filter>
    <Filter Include="src\shaders\shared-objects\passthrough">
      <UniqueIdentifier>{2f235a4a-9aeb-482c-a04e-18b12d3b53fa}</UniqueIdentifier>
    </Filter>
    <Filter Include="src\shaders\shared-objects\passthrough\hlsl">
      <UniqueIdentifier>{bb725f7b-9a62-464d-8d5f-6a72515051b2}</UniqueIdentifier>
    </Filter>
    <Filter Include="src\shaders\sdf">
      <UniqueIdentifier>{41687e7f-5c9e-42de-bf2f-bdc24e400a9d}</UniqueIdentifier>
    </Filter>
    <Filter Include="src\shaders\quad-gradient">
      <UniqueIdentifier>{1a48af89-e860-4be8-b832-9cb93583d937}</UniqueIdentifier>
    </Filter>
    <Filter Include="src\shaders\passthrough-texture">
      <UniqueIdentifier>{80901cfd-29be-42a4-879a-13618a99942b}</UniqueIdentifier>
    </Filter>
    <Filter Include="src\shaders\passthrough-color">
      <UniqueIdentifier>{eeae46f4-5fb9-458d-9726-0566f675b35f}</UniqueIdentifier>
    </Filter>
    <Filter Include="src\shaders\linear-gradient">
      <UniqueIdentifier>{d563d6f0-1320-44fe-ba78-71c3c0ecd6ff}</UniqueIdentifier>
    </Filter>
    <Filter Include="src\shaders\sdf\hlsl">
      <UniqueIdentifier>{6c30eeb5-e102-4d2b-a6c8-4ee9884ad89e}</UniqueIdentifier>
    </Filter>
    <Filter Include="src\shaders\quad-gradient\hlsl">
      <UniqueIdentifier>{dbb2e552-947b-4739-bfcc-9552f56b90a1}</UniqueIdentifier>
    </Filter>
    <Filter Include="src\shaders\passthrough-texture\hlsl">
      <UniqueIdentifier>{ba6badcf-389c-47e2-b0ea-83568a86f111}</UniqueIdentifier>
    </Filter>
    <Filter Include="src\shaders\passthrough-color\hlsl">
      <UniqueIdentifier>{cc4debaa-a8b7-4ca4-b429-65515e2b3ac7}</UniqueIdentifier>
    </Filter>
    <Filter Include="src\shaders\linear-gradient\hlsl">
      <UniqueIdentifier>{ff6bdf84-77d6-4af5-9a94-f4c1cf7d123c}</UniqueIdentifier>
    </Filter>
    <Filter Include="src\shaders\radial-gradient">
      <UniqueIdentifier>{64423046-1d23-416a-828b-51067786360a}</UniqueIdentifier>
    </Filter>
    <Filter Include="src\shaders\radial-gradient\hlsl">
      <UniqueIdentifier>{22613903-cdd9-4e1c-a6c6-30b46975e047}</UniqueIdentifier>
    </Filter>
    <Filter Include="src\shaders\blur">
      <UniqueIdentifier>{3e78a32e-68bf-4e18-bd9d-5536491ddb04}</UniqueIdentifier>
    </Filter>
    <Filter Include="src\shaders\blur\hlsl">
      <UniqueIdentifier>{b7a29695-6613-4b05-8347-d6fac6467764}</UniqueIdentifier>
    </Filter>
    <Filter Include="src\state-pipeline">
      <UniqueIdentifier>{cb7f967c-abce-4390-ba9d-169287b9df6c}</UniqueIdentifier>
    </Filter>
    <Filter Include="src\internal\stencil-buffer">
      <UniqueIdentifier>{e9786f58-ffb0-46fb-af6a-c9b60b3771f5}</UniqueIdentifier>
    </Filter>
  </ItemGroup>
  <ItemGroup>
    <ClCompile Include="src\null-render-backend-directx11\internal\frame-buffer\frame-buffer.cpp">
      <Filter>src\internal\frame-buffer</Filter>
    </ClCompile>
    <ClCompile Include="src\null-render-backend-directx11\internal\mesh\mesh.cpp">
      <Filter>src\internal\mesh</Filter>
    </ClCompile>
    <ClCompile Include="src\null-render-backend-directx11\renderer\renderer.cpp">
      <Filter>src\renderer</Filter>
    </ClCompile>
    <ClCompile Include="src\null-render-backend-directx11\shaders\sdf\sdf.cpp">
      <Filter>src\shaders\sdf</Filter>
    </ClCompile>
    <ClCompile Include="src\null-render-backend-directx11\shaders\quad-gradient\quad-gradient.cpp">
      <Filter>src\shaders\quad-gradient</Filter>
    </ClCompile>
    <ClCompile Include="src\null-render-backend-directx11\shaders\passthrough-texture\passthrough-texture.cpp">
      <Filter>src\shaders\passthrough-texture</Filter>
    </ClCompile>
    <ClCompile Include="src\null-render-backend-directx11\shaders\passthrough-color\passthrough-color.cpp">
      <Filter>src\shaders\passthrough-color</Filter>
    </ClCompile>
    <ClCompile Include="src\null-render-backend-directx11\shaders\linear-gradient\linear-gradient.cpp">
      <Filter>src\shaders\linear-gradient</Filter>
    </ClCompile>
    <ClCompile Include="src\null-render-backend-directx11\shaders\radial-gradient\radial-gradient.cpp">
      <Filter>src\shaders\radial-gradient</Filter>
    </ClCompile>
    <ClCompile Include="src\null-render-backend-directx11\shaders\blur\blur.cpp">
      <Filter>src\shaders\blur</Filter>
    </ClCompile>
    <ClCompile Include="src\null-render-backend-directx11\state-pipeline\state-pipeline.cpp">
      <Filter>src\state-pipeline</Filter>
    </ClCompile>
    <ClCompile Include="src\null-render-backend-directx11\internal\stencil-buffer\stencil-buffer.cpp">
      <Filter>src\internal\stencil-buffer</Filter>
    </ClCompile>
  </ItemGroup>
  <ItemGroup>
    <ClInclude Include="src\null-render-backend-directx11.h">
      <Filter>src</Filter>
    </ClInclude>
    <ClInclude Include="src\null-render-backend-directx11\wrapper\shaders\shader.h">
      <Filter>src\wrapper\shaders</Filter>
    </ClInclude>
    <ClInclude Include="src\null-render-backend-directx11\wrapper\constant-buffer\constant-buffer.h">
      <Filter>src\wrapper\constant-buffer</Filter>
    </ClInclude>
    <ClInclude Include="src\null-render-backend-directx11\internal\frame-buffer\frame-buffer.h">
      <Filter>src\internal\frame-buffer</Filter>
    </ClInclude>
    <ClInclude Include="src\null-render-backend-directx11\internal\mesh\mesh.h">
      <Filter>src\internal\mesh</Filter>
    </ClInclude>
    <ClInclude Include="src\null-render-backend-directx11\renderer\renderer.h">
      <Filter>src\renderer</Filter>
    </ClInclude>
    <ClInclude Include="src\null-render-backend-directx11\wrapper\shaders\pixel.h">
      <Filter>src\wrapper\shaders</Filter>
    </ClInclude>
    <ClInclude Include="src\null-render-backend-directx11\wrapper\shaders\vertex.h">
      <Filter>src\wrapper\shaders</Filter>
    </ClInclude>
    <ClInclude Include="src\null-render-backend-directx11\shaders\shared-objects\passthrough\compiled-object.h">
      <Filter>src\shaders\shared-objects\passthrough</Filter>
    </ClInclude>
    <ClInclude Include="src\null-render-backend-directx11\shaders\sdf\compiled-object.h">
      <Filter>src\shaders\sdf</Filter>
    </ClInclude>
    <ClInclude Include="src\null-render-backend-directx11\shaders\sdf\sdf.h">
      <Filter>src\shaders\sdf</Filter>
    </ClInclude>
    <ClInclude Include="src\null-render-backend-directx11\shaders\quad-gradient\compiled-object.h">
      <Filter>src\shaders\quad-gradient</Filter>
    </ClInclude>
    <ClInclude Include="src\null-render-backend-directx11\shaders\quad-gradient\quad-gradient.h">
      <Filter>src\shaders\quad-gradient</Filter>
    </ClInclude>
    <ClInclude Include="src\null-render-backend-directx11\shaders\passthrough-texture\compiled-object.h">
      <Filter>src\shaders\passthrough-texture</Filter>
    </ClInclude>
    <ClInclude Include="src\null-render-backend-directx11\shaders\passthrough-texture\passthrough-texture.h">
      <Filter>src\shaders\passthrough-texture</Filter>
    </ClInclude>
    <ClInclude Include="src\null-render-backend-directx11\shaders\passthrough-color\passthrough-color.h">
      <Filter>src\shaders\passthrough-color</Filter>
    </ClInclude>
    <ClInclude Include="src\null-render-backend-directx11\shaders\passthrough-color\compiled-object.h">
      <Filter>src\shaders\passthrough-color</Filter>
    </ClInclude>
    <ClInclude Include="src\null-render-backend-directx11\shaders\linear-gradient\compiled-object.h">
      <Filter>src\shaders\linear-gradient</Filter>
    </ClInclude>
    <ClInclude Include="src\null-render-backend-directx11\shaders\linear-gradient\linear-gradient.h">
      <Filter>src\shaders\linear-gradient</Filter>
    </ClInclude>
    <ClInclude Include="src\null-render-backend-directx11\shaders\radial-gradient\radial-gradient.h">
      <Filter>src\shaders\radial-gradient</Filter>
    </ClInclude>
    <ClInclude Include="src\null-render-backend-directx11\shaders\radial-gradient\compiled-object.h">
      <Filter>src\shaders\radial-gradient</Filter>
    </ClInclude>
    <ClInclude Include="src\null-render-backend-directx11\internal\shader.h">
      <Filter>src\internal</Filter>
    </ClInclude>
    <ClInclude Include="src\null-render-backend-directx11\shaders\blur\blur.h">
      <Filter>src\shaders\blur</Filter>
    </ClInclude>
    <ClInclude Include="src\null-render-backend-directx11\shaders\blur\compiled-object.h">
      <Filter>src\shaders\blur</Filter>
    </ClInclude>
    <ClInclude Include="src\null-render-backend-directx11\state-pipeline\state-pipeline.h">
      <Filter>src\state-pipeline</Filter>
    </ClInclude>
    <ClInclude Include="src\null-render-backend-directx11\internal\stencil-buffer\stencil-buffer.h">
      <Filter>src\internal\stencil-buffer</Filter>
    </ClInclude>
  </ItemGroup>
  <ItemGroup>
    <FxCompile Include="src\null-render-backend-directx11\shaders\shared-objects\passthrough\hlsl\passthrough.hlsl">
      <Filter>src\shaders\shared-objects\passthrough\hlsl</Filter>
    </FxCompile>
    <FxCompile Include="src\null-render-backend-directx11\shaders\sdf\hlsl\sdf.hlsl">
      <Filter>src\shaders\sdf\hlsl</Filter>
    </FxCompile>
    <FxCompile Include="src\null-render-backend-directx11\shaders\quad-gradient\hlsl\quad-gradient.hlsl">
      <Filter>src\shaders\quad-gradient\hlsl</Filter>
    </FxCompile>
    <FxCompile Include="src\null-render-backend-directx11\shaders\passthrough-texture\hlsl\passthrough-texture.hlsl">
      <Filter>src\shaders\passthrough-texture\hlsl</Filter>
    </FxCompile>
    <FxCompile Include="src\null-render-backend-directx11\shaders\passthrough-color\hlsl\passthrough-color.hlsl">
      <Filter>src\shaders\passthrough-color\hlsl</Filter>
    </FxCompile>
    <FxCompile Include="src\null-render-backend-directx11\shaders\linear-gradient\hlsl\linear-gradient.hlsl">
      <Filter>src\shaders\linear-gradient\hlsl</Filter>
    </FxCompile>
    <FxCompile Include="src\null-render-backend-directx11\shaders\radial-gradient\hlsl\radial-gradient.hlsl">
      <Filter>src\shaders\radial-gradient\hlsl</Filter>
    </FxCompile>
    <FxCompile Include="src\null-render-backend-directx11\shaders\blur\hlsl\blur.hlsl">
      <Filter>src\shaders\blur\hlsl</Filter>
    </FxCompile>
  </ItemGroup>
</Project>