<?xml version="1.0" encoding="utf-8"?>
<Project ToolsVersion="4.0" xmlns="http://schemas.microsoft.com/developer/msbuild/2003">
  <ItemGroup>
    <Filter Include="src">
      <UniqueIdentifier>{d11addc5-089b-4237-a3dd-c21f8f81dcf1}</UniqueIdentifier>
    </Filter>
    <Filter Include="resources">
      <UniqueIdentifier>{3bc9fc43-740a-4ee6-a1b4-42b2994661ec}</UniqueIdentifier>
    </Filter>
    <Filter Include="src\shaders">
      <UniqueIdentifier>{7ece53da-1030-4628-9f2b-ad283852bc40}</UniqueIdentifier>
    </Filter>
    <Filter Include="src\internal">
      <UniqueIdentifier>{a2450421-9a7e-42fc-8fd9-605679490eb4}</UniqueIdentifier>
    </Filter>
    <Filter Include="src\wrapper">
      <UniqueIdentifier>{94372850-18b3-4260-9bdd-ce0c2b331ddf}</UniqueIdentifier>
    </Filter>
    <Filter Include="src\renderer">
      <UniqueIdentifier>{f6e51c44-d56d-47cd-a7e9-dc5baa5d9756}</UniqueIdentifier>
    </Filter>
    <Filter Include="src\internal\frame-buffer">
      <UniqueIdentifier>{1c7930f9-225d-49a7-977a-a4ddc42b0a62}</UniqueIdentifier>
    </Filter>
    <Filter Include="src\internal\mesh">
      <UniqueIdentifier>{f83f074c-4bb0-4c11-a868-3770f6b2a6e0}</UniqueIdentifier>
    </Filter>
    <Filter Include="src\shaders\linear-gradient">
      <UniqueIdentifier>{e3d6deff-5ebe-4a19-a467-389d65056778}</UniqueIdentifier>
    </Filter>
    <Filter Include="src\shaders\quad-gradient">
      <UniqueIdentifier>{65f0e0b0-b8a6-4752-989a-4387c3d4bdcf}</UniqueIdentifier>
    </Filter>
    <Filter Include="src\shaders\sdf">
      <UniqueIdentifier>{824b0bdf-66e3-43ec-bb0e-6e38a618b37a}</UniqueIdentifier>
    </Filter>
    <Filter Include="src\shaders\linear-gradient\glsl">
      <UniqueIdentifier>{bb97c553-4338-4099-9e96-ffb74ef01791}</UniqueIdentifier>
    </Filter>
    <Filter Include="src\shaders\quad-gradient\glsl">
      <UniqueIdentifier>{f95f096e-ca8f-4f96-97f3-f9856bedd637}</UniqueIdentifier>
    </Filter>
    <Filter Include="src\shaders\sdf\glsl">
      <UniqueIdentifier>{a654e407-51fa-491d-893f-457b094084c1}</UniqueIdentifier>
    </Filter>
    <Filter Include="src\shaders\radial-gradient">
      <UniqueIdentifier>{93b905aa-edaf-4351-b1a5-d37db81ca30c}</UniqueIdentifier>
    </Filter>
    <Filter Include="src\shaders\radial-gradient\glsl">
      <UniqueIdentifier>{4f416f0f-8821-4cb9-9a2d-57113d96aa6d}</UniqueIdentifier>
    </Filter>
    <Filter Include="src\shaders\blur">
      <UniqueIdentifier>{351a1c63-0328-471c-a5df-489b70041ace}</UniqueIdentifier>
    </Filter>
    <Filter Include="src\shaders\blur\glsl">
      <UniqueIdentifier>{2a27a5a6-e6a2-4c1b-ac2f-ad90a66e0fd0}</UniqueIdentifier>
    </Filter>
    <Filter Include="src\internal\shader">
      <UniqueIdentifier>{afb406e5-5631-4bc0-870f-1c0b42597eaa}</UniqueIdentifier>
    </Filter>
    <Filter Include="src\state-pipeline">
      <UniqueIdentifier>{428d8328-f8c6-4bf3-83b7-a2c9a8b0bf2c}</UniqueIdentifier>
    </Filter>
    <Filter Include="src\internal\stencil-buffer">
      <UniqueIdentifier>{0af228c6-23f2-48d3-89e8-8bb49d730684}</UniqueIdentifier>
    </Filter>
    <Filter Include="src\shaders\passthrough">
      <UniqueIdentifier>{ea9d62ba-51b7-4ad6-a4c4-e92069dafd5a}</UniqueIdentifier>
    </Filter>
    <Filter Include="src\shaders\texture">
      <UniqueIdentifier>{98702e17-2602-4106-b8c6-90e47c02c069}</UniqueIdentifier>
    </Filter>
    <Filter Include="src\shaders\texture\glsl">
      <UniqueIdentifier>{af56153b-e8c5-4142-a364-a7d1edbd022f}</UniqueIdentifier>
    </Filter>
    <Filter Include="src\shaders\color">
      <UniqueIdentifier>{5ee0845e-3281-4c6f-9241-37a1ce5587ed}</UniqueIdentifier>
    </Filter>
    <Filter Include="src\shaders\color\glsl">
      <UniqueIdentifier>{de24becf-7251-46d8-9da1-8e2d53cbb364}</UniqueIdentifier>
    </Filter>
    <Filter Include="src\shaders\passthrough\glsl">
      <UniqueIdentifier>{00f65832-f61d-42f7-9f3c-c5c3742d38df}</UniqueIdentifier>
    </Filter>
  </ItemGroup>
  <ItemGroup>
    <ClCompile Include="src\null-render-backend-opengl3\internal\mesh\mesh.cpp">
      <Filter>src\internal\mesh</Filter>
    </ClCompile>
    <ClCompile Include="src\null-render-backend-opengl3\internal\frame-buffer\frame-buffer.cpp">
      <Filter>src\internal\frame-buffer</Filter>
    </ClCompile>
    <ClCompile Include="src\null-render-backend-opengl3\renderer\renderer.cpp">
      <Filter>src\renderer</Filter>
    </ClCompile>
    <ClCompile Include="src\null-render-backend-opengl3\shaders\quad-gradient\quad-gradient.cpp">
      <Filter>src\shaders\quad-gradient</Filter>
    </ClCompile>
    <ClCompile Include="src\null-render-backend-opengl3\shaders\linear-gradient\linear-gradient.cpp">
      <Filter>src\shaders\linear-gradient</Filter>
    </ClCompile>
    <ClCompile Include="src\null-render-backend-opengl3\shaders\radial-gradient\radial-gradient.cpp">
      <Filter>src\shaders\radial-gradient</Filter>
    </ClCompile>
    <ClCompile Include="src\null-render-backend-opengl3\shaders\blur\blur.cpp">
      <Filter>src\shaders\blur</Filter>
    </ClCompile>
    <ClCompile Include="src\null-render-backend-opengl3\internal\shader\shader.cpp">
      <Filter>src\internal\shader</Filter>
    </ClCompile>
    <ClCompile Include="src\null-render-backend-opengl3\state-pipeline\state-pipeline.cpp">
      <Filter>src\state-pipeline</Filter>
    </ClCompile>
    <ClCompile Include="src\null-render-backend-opengl3\internal\stencil-buffer\stencil-buffer.cpp">
      <Filter>src\internal\stencil-buffer</Filter>
    </ClCompile>
  </ItemGroup>
  <ItemGroup>
    <ClInclude Include="src\null-render-backend-opengl3.h">
      <Filter>src</Filter>
    </ClInclude>
    <ClInclude Include="src\null-render-backend-opengl3\internal\mesh\mesh.h">
      <Filter>src\internal\mesh</Filter>
    </ClInclude>
    <ClInclude Include="src\null-render-backend-opengl3\internal\frame-buffer\frame-buffer.h">
      <Filter>src\internal\frame-buffer</Filter>
    </ClInclude>
    <ClInclude Include="src\null-render-backend-opengl3\renderer\renderer.h">
      <Filter>src\renderer</Filter>
    </ClInclude>
    <ClInclude Include="src\null-render-backend-opengl3\wrapper\opengl3.h">
      <Filter>src\wrapper</Filter>
    </ClInclude>
    <ClInclude Include="src\null-render-backend-opengl3\wrapper\shader.h">
      <Filter>src\wrapper</Filter>
    </ClInclude>
    <ClInclude Include="src\null-render-backend-opengl3\wrapper\program.h">
      <Filter>src\wrapper</Filter>
    </ClInclude>
    <ClInclude Include="src\null-render-backend-opengl3\wrapper\fields.h">
      <Filter>src\wrapper</Filter>
    </ClInclude>
    <ClInclude Include="src\null-render-backend-opengl3\shaders\sdf\sdf.h">
      <Filter>src\shaders\sdf</Filter>
    </ClInclude>
    <ClInclude Include="src\null-render-backend-opengl3\shaders\quad-gradient\quad-gradient.h">
      <Filter>src\shaders\quad-gradient</Filter>
    </ClInclude>
    <ClInclude Include="src\null-render-backend-opengl3\shaders\linear-gradient\linear-gradient.h">
      <Filter>src\shaders\linear-gradient</Filter>
    </ClInclude>
    <ClInclude Include="src\null-render-backend-opengl3\shaders\linear-gradient\compiled-object.h">
      <Filter>src\shaders\linear-gradient</Filter>
    </ClInclude>
    <ClInclude Include="src\null-render-backend-opengl3\shaders\quad-gradient\compiled-object.h">
      <Filter>src\shaders\quad-gradient</Filter>
    </ClInclude>
    <ClInclude Include="src\null-render-backend-opengl3\shaders\sdf\compiled-object.h">
      <Filter>src\shaders\sdf</Filter>
    </ClInclude>
    <ClInclude Include="src\null-render-backend-opengl3\shaders\radial-gradient\radial-gradient.h">
      <Filter>src\shaders\radial-gradient</Filter>
    </ClInclude>
    <ClInclude Include="src\null-render-backend-opengl3\shaders\radial-gradient\compiled-object.h">
      <Filter>src\shaders\radial-gradient</Filter>
    </ClInclude>
    <ClInclude Include="src\null-render-backend-opengl3\shaders\blur\blur.h">
      <Filter>src\shaders\blur</Filter>
    </ClInclude>
    <ClInclude Include="src\null-render-backend-opengl3\internal\shader\shader.h">
      <Filter>src\internal\shader</Filter>
    </ClInclude>
    <ClInclude Include="src\null-render-backend-opengl3\state-pipeline\state-pipeline.h">
      <Filter>src\state-pipeline</Filter>
    </ClInclude>
    <ClInclude Include="src\null-render-backend-opengl3\shaders\blur\compiled-object.h">
      <Filter>src\shaders\blur</Filter>
    </ClInclude>
    <ClInclude Include="src\null-render-backend-opengl3\internal\stencil-buffer\stencil-buffer.h">
      <Filter>src\internal\stencil-buffer</Filter>
    </ClInclude>
    <ClInclude Include="src\null-render-backend-opengl3\shaders\passthrough\compiled-object.h">
      <Filter>src\shaders\passthrough</Filter>
    </ClInclude>
    <ClInclude Include="src\null-render-backend-opengl3\shaders\passthrough\passthrough.h">
      <Filter>src\shaders\passthrough</Filter>
    </ClInclude>
    <ClInclude Include="src\null-render-backend-opengl3\shaders\texture\texture.h">
      <Filter>src\shaders\texture</Filter>
    </ClInclude>
    <ClInclude Include="src\null-render-backend-opengl3\shaders\texture\compiled-object.h">
      <Filter>src\shaders\texture</Filter>
    </ClInclude>
    <ClInclude Include="src\null-render-backend-opengl3\shaders\color\compiled-object.h">
      <Filter>src\shaders\color</Filter>
    </ClInclude>
    <ClInclude Include="src\null-render-backend-opengl3\shaders\color\color.h">
      <Filter>src\shaders\color</Filter>
    </ClInclude>
  </ItemGroup>
  <ItemGroup>
    <ResourceCompile Include="resources\null-render-backend-opengl3-resources.rc">
      <Filter>resources</Filter>
    </ResourceCompile>
  </ItemGroup>
  <ItemGroup>
    <None Include="src\null-render-backend-opengl3\shaders\linear-gradient\glsl\linear-gradient.frag">
      <Filter>src\shaders\linear-gradient\glsl</Filter>
    </None>
    <None Include="src\null-render-backend-opengl3\shaders\quad-gradient\glsl\quad-gradient.frag">
      <Filter>src\shaders\quad-gradient\glsl</Filter>
    </None>
    <None Include="src\null-render-backend-opengl3\shaders\sdf\glsl\sdf.frag">
      <Filter>src\shaders\sdf\glsl</Filter>
    </None>
    <None Include="src\null-render-backend-opengl3\shaders\radial-gradient\glsl\radial-gradient.frag">
      <Filter>src\shaders\radial-gradient\glsl</Filter>
    </None>
    <None Include="src\null-render-backend-opengl3\shaders\blur\glsl\blur.frag">
      <Filter>src\shaders\blur\glsl</Filter>
    </None>
    <None Include="src\null-render-backend-opengl3\shaders\passthrough\glsl\passthrough.frag">
      <Filter>src\shaders\passthrough\glsl</Filter>
    </None>
    <None Include="src\null-render-backend-opengl3\shaders\passthrough\glsl\passthrough.vert">
      <Filter>src\shaders\passthrough\glsl</Filter>
    </None>
    <None Include="src\null-render-backend-opengl3\shaders\texture\glsl\texture.frag">
      <Filter>src\shaders\texture\glsl</Filter>
    </None>
    <None Include="src\null-render-backend-opengl3\shaders\color\glsl\color.vert">
      <Filter>src\shaders\color\glsl</Filter>
    </None>
    <None Include="src\null-render-backend-opengl3\shaders\color\glsl\color.frag">
      <Filter>src\shaders\color\glsl</Filter>
    </None>
    <None Include="src\null-render-backend-opengl3\shaders\sdf\glsl\msdf.frag">
      <Filter>src\shaders\sdf\glsl</Filter>
    </None>
    <None Include="src\null-render-backend-opengl3\shaders\sdf\glsl\mtsdf.frag">
      <Filter>src\shaders\sdf\glsl</Filter>
    </None>
  </ItemGroup>
</Project>