<?xml version="1.0" encoding="utf-8"?>
<Project ToolsVersion="4.0" xmlns="http://schemas.microsoft.com/developer/msbuild/2003">
  <ItemGroup>
    <Filter Include="src">
      <UniqueIdentifier>{d11addc5-089b-4237-a3dd-c21f8f81dcf1}</UniqueIdentifier>
    </Filter>
    <Filter Include="resources">
      <UniqueIdentifier>{3bc9fc43-740a-4ee6-a1b4-42b2994661ec}</UniqueIdentifier>
    </Filter>
    <Filter Include="src\shaders">
      <UniqueIdentifier>{7ece53da-1030-4628-9f2b-ad283852bc40}</UniqueIdentifier>
    </Filter>
    <Filter Include="src\internal">
      <UniqueIdentifier>{a2450421-9a7e-42fc-8fd9-605679490eb4}</UniqueIdentifier>
    </Filter>
    <Filter Include="src\wrapper">
      <UniqueIdentifier>{94372850-18b3-4260-9bdd-ce0c2b331ddf}</UniqueIdentifier>
    </Filter>
    <Filter Include="src\renderer">
      <UniqueIdentifier>{f6e51c44-d56d-47cd-a7e9-dc5baa5d9756}</UniqueIdentifier>
    </Filter>
    <Filter Include="src\internal\frame-buffer">
      <UniqueIdentifier>{1c7930f9-225d-49a7-977a-a4ddc42b0a62}</UniqueIdentifier>
    </Filter>
    <Filter Include="src\internal\mesh">
      <UniqueIdentifier>{f83f074c-4bb0-4c11-a868-3770f6b2a6e0}</UniqueIdentifier>
    </Filter>
    <Filter Include="src\shaders\linear-gradient">
      <UniqueIdentifier>{e3d6deff-5ebe-4a19-a467-389d65056778}</UniqueIdentifier>
    </Filter>
    <Filter Include="src\shaders\passthrough-color">
      <UniqueIdentifier>{5ee0845e-3281-4c6f-9241-37a1ce5587ed}</UniqueIdentifier>
    </Filter>
    <Filter Include="src\shaders\passthrough-texture">
      <UniqueIdentifier>{98702e17-2602-4106-b8c6-90e47c02c069}</UniqueIdentifier>
    </Filter>
    <Filter Include="src\shaders\quad-gradient">
      <UniqueIdentifier>{65f0e0b0-b8a6-4752-989a-4387c3d4bdcf}</UniqueIdentifier>
    </Filter>
    <Filter Include="src\shaders\sdf">
      <UniqueIdentifier>{824b0bdf-66e3-43ec-bb0e-6e38a618b37a}</UniqueIdentifier>
    </Filter>
    <Filter Include="src\shaders\linear-gradient\glsl">
      <UniqueIdentifier>{bb97c553-4338-4099-9e96-ffb74ef01791}</UniqueIdentifier>
    </Filter>
    <Filter Include="src\shaders\passthrough-color\glsl">
      <UniqueIdentifier>{de24becf-7251-46d8-9da1-8e2d53cbb364}</UniqueIdentifier>
    </Filter>
    <Filter Include="src\shaders\passthrough-texture\glsl">
      <UniqueIdentifier>{af56153b-e8c5-4142-a364-a7d1edbd022f}</UniqueIdentifier>
    </Filter>
    <Filter Include="src\shaders\quad-gradient\glsl">
      <UniqueIdentifier>{f95f096e-ca8f-4f96-97f3-f9856bedd637}</UniqueIdentifier>
    </Filter>
    <Filter Include="src\shaders\sdf\glsl">
      <UniqueIdentifier>{a654e407-51fa-491d-893f-457b094084c1}</UniqueIdentifier>
    </Filter>
    <Filter Include="src\shaders\shared-objects">
      <UniqueIdentifier>{3b0398e2-854e-4455-8512-fc8a229e4c8c}</UniqueIdentifier>
    </Filter>
    <Filter Include="src\shaders\shared-objects\passthrough">
      <UniqueIdentifier>{5a0e1560-357d-4e86-b2a3-795921c42d02}</UniqueIdentifier>
    </Filter>
    <Filter Include="src\shaders\shared-objects\passthrough\glsl">
      <UniqueIdentifier>{a7585922-2663-4809-8cc0-1bc806087d55}</UniqueIdentifier>
    </Filter>
  </ItemGroup>
  <ItemGroup>
    <ClCompile Include="src\null-render-backend-opengl3\internal\mesh\mesh.cpp">
      <Filter>src\internal\mesh</Filter>
    </ClCompile>
    <ClCompile Include="src\null-render-backend-opengl3\internal\frame-buffer\frame-buffer.cpp">
      <Filter>src\internal\frame-buffer</Filter>
    </ClCompile>
    <ClCompile Include="src\null-render-backend-opengl3\renderer\renderer.cpp">
      <Filter>src\renderer</Filter>
    </ClCompile>
    <ClCompile Include="src\null-render-backend-opengl3\shaders\sdf\sdf.cpp">
      <Filter>src\shaders\sdf</Filter>
    </ClCompile>
    <ClCompile Include="src\null-render-backend-opengl3\shaders\quad-gradient\quad-gradient.cpp">
      <Filter>src\shaders\quad-gradient</Filter>
    </ClCompile>
    <ClCompile Include="src\null-render-backend-opengl3\shaders\passthrough-texture\passthrough-texture.cpp">
      <Filter>src\shaders\passthrough-texture</Filter>
    </ClCompile>
    <ClCompile Include="src\null-render-backend-opengl3\shaders\passthrough-color\passthrough-color.cpp">
      <Filter>src\shaders\passthrough-color</Filter>
    </ClCompile>
    <ClCompile Include="src\null-render-backend-opengl3\shaders\linear-gradient\linear-gradient.cpp">
      <Filter>src\shaders\linear-gradient</Filter>
    </ClCompile>
  </ItemGroup>
  <ItemGroup>
    <ClInclude Include="src\null-render-backend-opengl3.h">
      <Filter>src</Filter>
    </ClInclude>
    <ClInclude Include="src\null-render-backend-opengl3\shaders\shader.h">
      <Filter>src\shaders</Filter>
    </ClInclude>
    <ClInclude Include="src\null-render-backend-opengl3\internal\mesh\mesh.h">
      <Filter>src\internal\mesh</Filter>
    </ClInclude>
    <ClInclude Include="src\null-render-backend-opengl3\internal\frame-buffer\frame-buffer.h">
      <Filter>src\internal\frame-buffer</Filter>
    </ClInclude>
    <ClInclude Include="src\null-render-backend-opengl3\renderer\renderer.h">
      <Filter>src\renderer</Filter>
    </ClInclude>
    <ClInclude Include="src\null-render-backend-opengl3\wrapper\opengl3.h">
      <Filter>src\wrapper</Filter>
    </ClInclude>
    <ClInclude Include="src\null-render-backend-opengl3\wrapper\shader.h">
      <Filter>src\wrapper</Filter>
    </ClInclude>
    <ClInclude Include="src\null-render-backend-opengl3\wrapper\program.h">
      <Filter>src\wrapper</Filter>
    </ClInclude>
    <ClInclude Include="src\null-render-backend-opengl3\wrapper\fields.h">
      <Filter>src\wrapper</Filter>
    </ClInclude>
    <ClInclude Include="src\null-render-backend-opengl3\shaders\sdf\sdf.h">
      <Filter>src\shaders\sdf</Filter>
    </ClInclude>
    <ClInclude Include="src\null-render-backend-opengl3\shaders\quad-gradient\quad-gradient.h">
      <Filter>src\shaders\quad-gradient</Filter>
    </ClInclude>
    <ClInclude Include="src\null-render-backend-opengl3\shaders\passthrough-texture\passthrough-texture.h">
      <Filter>src\shaders\passthrough-texture</Filter>
    </ClInclude>
    <ClInclude Include="src\null-render-backend-opengl3\shaders\passthrough-color\passthrough-color.h">
      <Filter>src\shaders\passthrough-color</Filter>
    </ClInclude>
    <ClInclude Include="src\null-render-backend-opengl3\shaders\linear-gradient\linear-gradient.h">
      <Filter>src\shaders\linear-gradient</Filter>
    </ClInclude>
    <ClInclude Include="src\null-render-backend-opengl3\shaders\linear-gradient\compiled-object.h">
      <Filter>src\shaders\linear-gradient</Filter>
    </ClInclude>
    <ClInclude Include="src\null-render-backend-opengl3\shaders\passthrough-color\compiled-object.h">
      <Filter>src\shaders\passthrough-color</Filter>
    </ClInclude>
    <ClInclude Include="src\null-render-backend-opengl3\shaders\passthrough-texture\compiled-object.h">
      <Filter>src\shaders\passthrough-texture</Filter>
    </ClInclude>
    <ClInclude Include="src\null-render-backend-opengl3\shaders\quad-gradient\compiled-object.h">
      <Filter>src\shaders\quad-gradient</Filter>
    </ClInclude>
    <ClInclude Include="src\null-render-backend-opengl3\shaders\sdf\compiled-object.h">
      <Filter>src\shaders\sdf</Filter>
    </ClInclude>
    <ClInclude Include="src\null-render-backend-opengl3\shaders\shared-objects\passthrough\compiled-object.h">
      <Filter>src\shaders\shared-objects\passthrough</Filter>
    </ClInclude>
  </ItemGroup>
  <ItemGroup>
    <ResourceCompile Include="resources\null-render-backend-opengl3-resources.rc">
      <Filter>resources</Filter>
    </ResourceCompile>
  </ItemGroup>
  <ItemGroup>
    <None Include="src\null-render-backend-opengl3\shaders\linear-gradient\glsl\linear-gradient.frag">
      <Filter>src\shaders\linear-gradient\glsl</Filter>
    </None>
    <None Include="src\null-render-backend-opengl3\shaders\passthrough-color\glsl\passthrough-color.frag">
      <Filter>src\shaders\passthrough-color\glsl</Filter>
    </None>
    <None Include="src\null-render-backend-opengl3\shaders\passthrough-texture\glsl\passthrough-texture.frag">
      <Filter>src\shaders\passthrough-texture\glsl</Filter>
    </None>
    <None Include="src\null-render-backend-opengl3\shaders\quad-gradient\glsl\quad-gradient.frag">
      <Filter>src\shaders\quad-gradient\glsl</Filter>
    </None>
    <None Include="src\null-render-backend-opengl3\shaders\sdf\glsl\sdf.frag">
      <Filter>src\shaders\sdf\glsl</Filter>
    </None>
    <None Include="src\null-render-backend-opengl3\shaders\shared-objects\passthrough\glsl\passthrough.vert">
      <Filter>src\shaders\shared-objects\passthrough\glsl</Filter>
    </None>
  </ItemGroup>
</Project>