<?xml version="1.0" encoding="utf-8"?>
<Project ToolsVersion="4.0" xmlns="http://schemas.microsoft.com/developer/msbuild/2003">
  <ItemGroup>
    <Filter Include="src">
      <UniqueIdentifier>{d11addc5-089b-4237-a3dd-c21f8f81dcf1}</UniqueIdentifier>
    </Filter>
    <Filter Include="src\draw-list">
      <UniqueIdentifier>{d437ce68-0d2a-4aae-856f-6b39d4fc45f7}</UniqueIdentifier>
    </Filter>
    <Filter Include="src\font">
      <UniqueIdentifier>{eda5cc7f-ea04-4b39-84c1-023faa3fb642}</UniqueIdentifier>
    </Filter>
    <Filter Include="src\compressed-fonts">
      <UniqueIdentifier>{3c42f8f7-39ef-441e-bce5-b1746945b582}</UniqueIdentifier>
    </Filter>
  </ItemGroup>
  <ItemGroup>
    <ClCompile Include="src\font\font.cpp">
      <Filter>src\font</Filter>
    </ClCompile>
    <ClCompile Include="src\draw-list\draw-list.cpp">
      <Filter>src\draw-list</Filter>
    </ClCompile>
  </ItemGroup>
  <ItemGroup>
    <ClInclude Include="src\null-render.h">
      <Filter>src</Filter>
    </ClInclude>
    <ClInclude Include="src\font\font.h">
      <Filter>src\font</Filter>
    </ClInclude>
    <ClInclude Include="src\draw-list\draw-list.h">
      <Filter>src\draw-list</Filter>
    </ClInclude>
    <ClInclude Include="src\compressed-fonts\proggy-clean.h">
      <Filter>src\compressed-fonts</Filter>
    </ClInclude>
  </ItemGroup>
</Project>