<?xml version="1.0" encoding="utf-8"?>
<Project ToolsVersion="4.0" xmlns="http://schemas.microsoft.com/developer/msbuild/2003">
  <ItemGroup>
    <Filter Include="src">
      <UniqueIdentifier>{d11addc5-089b-4237-a3dd-c21f8f81dcf1}</UniqueIdentifier>
    </Filter>
    <Filter Include="src\font">
      <UniqueIdentifier>{5fea4115-e8bc-4038-9554-6b287024388f}</UniqueIdentifier>
    </Filter>
    <Filter Include="src\font\loaders">
      <UniqueIdentifier>{82b1a956-3d23-4911-8101-f3c31c5910df}</UniqueIdentifier>
    </Filter>
    <Filter Include="src\font\impl">
      <UniqueIdentifier>{0666242d-d807-4ead-8fbe-d4a7630556da}</UniqueIdentifier>
    </Filter>
    <Filter Include="src\graphic">
      <UniqueIdentifier>{a2c7d656-b786-4e76-b557-ef3b42d8b484}</UniqueIdentifier>
    </Filter>
    <Filter Include="src\graphic\commands">
      <UniqueIdentifier>{4e66aa36-9248-4ef0-a509-bc6f1b56ffe8}</UniqueIdentifier>
    </Filter>
    <Filter Include="src\graphic\draw-list">
      <UniqueIdentifier>{0e457e0b-c3d9-4dc3-aaf2-e863df212a5a}</UniqueIdentifier>
    </Filter>
    <Filter Include="src\graphic\filters">
      <UniqueIdentifier>{02e7731f-013c-4a47-818c-82ea861dfaee}</UniqueIdentifier>
    </Filter>
    <Filter Include="src\backend">
      <UniqueIdentifier>{6c597aa5-d12d-4cce-85b9-0269bd09b628}</UniqueIdentifier>
    </Filter>
    <Filter Include="src\backend\renderer">
      <UniqueIdentifier>{86cb1ad3-87b5-48ff-b7e6-fbb57fd581b1}</UniqueIdentifier>
    </Filter>
    <Filter Include="src\backend\shaders">
      <UniqueIdentifier>{a515cbfd-21ae-4ca7-84a4-35bde36b23b5}</UniqueIdentifier>
    </Filter>
    <Filter Include="src\graphic\draw-list\brushes">
      <UniqueIdentifier>{25bf3cac-b4b3-4a3a-a291-403f9d2f74b1}</UniqueIdentifier>
    </Filter>
  </ItemGroup>
  <ItemGroup>
    <ClCompile Include="src\null-render.ixx">
      <Filter>src</Filter>
    </ClCompile>
    <ClCompile Include="src\font\font.ixx">
      <Filter>src\font</Filter>
    </ClCompile>
    <ClCompile Include="src\font\configs.ixx">
      <Filter>src\font</Filter>
    </ClCompile>
    <ClCompile Include="src\font\glyph.ixx">
      <Filter>src\font</Filter>
    </ClCompile>
    <ClCompile Include="src\font\impl\impl.ixx">
      <Filter>src\font\impl</Filter>
    </ClCompile>
    <ClCompile Include="src\font\impl\lookup-table.ixx">
      <Filter>src\font\impl</Filter>
    </ClCompile>
    <ClCompile Include="src\font\atlas.ixx">
      <Filter>src\font</Filter>
    </ClCompile>
    <ClCompile Include="src\font\loaders\loader.ixx">
      <Filter>src\font\loaders</Filter>
    </ClCompile>
    <ClCompile Include="src\font\loaders\truetype.ixx">
      <Filter>src\font\loaders</Filter>
    </ClCompile>
    <ClCompile Include="src\font\loaders\freetype.ixx">
      <Filter>src\font\loaders</Filter>
    </ClCompile>
    <ClCompile Include="src\graphic\path.ixx">
      <Filter>src\graphic</Filter>
    </ClCompile>
    <ClCompile Include="src\backend\shaders\quad-gradient-shader.ixx">
      <Filter>src\backend\shaders</Filter>
    </ClCompile>
    <ClCompile Include="src\backend\shaders\sdf-shader.ixx">
      <Filter>src\backend\shaders</Filter>
    </ClCompile>
    <ClCompile Include="src\backend\shaders\shader.ixx">
      <Filter>src\backend\shaders</Filter>
    </ClCompile>
    <ClCompile Include="src\backend\shaders\linear-gradient-shader.ixx">
      <Filter>src\backend\shaders</Filter>
    </ClCompile>
    <ClCompile Include="src\backend\shaders\passthrough-shader.ixx">
      <Filter>src\backend\shaders</Filter>
    </ClCompile>
    <ClCompile Include="src\backend\renderer\mesh.ixx">
      <Filter>src\backend\renderer</Filter>
    </ClCompile>
    <ClCompile Include="src\backend\renderer\object.ixx">
      <Filter>src\backend\renderer</Filter>
    </ClCompile>
    <ClCompile Include="src\backend\renderer\renderer.ixx">
      <Filter>src\backend\renderer</Filter>
    </ClCompile>
    <ClCompile Include="src\backend\renderer\frame-buffer.ixx">
      <Filter>src\backend\renderer</Filter>
    </ClCompile>
    <ClCompile Include="src\backend\backend.ixx">
      <Filter>src\backend</Filter>
    </ClCompile>
    <ClCompile Include="src\backend\renderer\geometry-buffer.ixx">
      <Filter>src\backend\renderer</Filter>
    </ClCompile>
    <ClCompile Include="src\graphic\filters\quad-gradient-filter.ixx">
      <Filter>src\graphic\filters</Filter>
    </ClCompile>
    <ClCompile Include="src\graphic\filters\sdf-filter.ixx">
      <Filter>src\graphic\filters</Filter>
    </ClCompile>
    <ClCompile Include="src\graphic\filters\texture-filter.ixx">
      <Filter>src\graphic\filters</Filter>
    </ClCompile>
    <ClCompile Include="src\graphic\filters\linear-gradient-filter.ixx">
      <Filter>src\graphic\filters</Filter>
    </ClCompile>
    <ClCompile Include="src\graphic\filters\filter.ixx">
      <Filter>src\graphic\filters</Filter>
    </ClCompile>
    <ClCompile Include="src\graphic\commands\geometry-command.ixx">
      <Filter>src\graphic\commands</Filter>
    </ClCompile>
    <ClCompile Include="src\graphic\commands\renderer-commands.ixx">
      <Filter>src\graphic\commands</Filter>
    </ClCompile>
    <ClCompile Include="src\graphic\commands\command.ixx">
      <Filter>src\graphic\commands</Filter>
    </ClCompile>
    <ClCompile Include="src\graphic\draw-list\pen.ixx">
      <Filter>src\graphic\draw-list</Filter>
    </ClCompile>
    <ClCompile Include="src\graphic\draw-list\stroke.ixx">
      <Filter>src\graphic\draw-list</Filter>
    </ClCompile>
    <ClCompile Include="src\graphic\draw-list\draw-list.ixx">
      <Filter>src\graphic\draw-list</Filter>
    </ClCompile>
    <ClCompile Include="src\graphic\draw-list\brushes\sdf-text-brush.ixx">
      <Filter>src\graphic\draw-list\brushes</Filter>
    </ClCompile>
    <ClCompile Include="src\graphic\draw-list\brushes\text-brush.ixx">
      <Filter>src\graphic\draw-list\brushes</Filter>
    </ClCompile>
    <ClCompile Include="src\graphic\draw-list\brushes\brush.ixx">
      <Filter>src\graphic\draw-list\brushes</Filter>
    </ClCompile>
  </ItemGroup>
</Project>