<?xml version="1.0" encoding="utf-8"?>
<Project ToolsVersion="4.0" xmlns="http://schemas.microsoft.com/developer/msbuild/2003">
  <ItemGroup>
    <Filter Include="src">
      <UniqueIdentifier>{d11addc5-089b-4237-a3dd-c21f8f81dcf1}</UniqueIdentifier>
    </Filter>
    <Filter Include="src\wrapper">
      <UniqueIdentifier>{dc357853-3fa7-4fcb-a4f9-fc88674e8e1d}</UniqueIdentifier>
    </Filter>
    <Filter Include="src\shaders">
      <UniqueIdentifier>{52180507-935a-487d-9c58-dd9202ed102d}</UniqueIdentifier>
    </Filter>
    <Filter Include="src\wrapper\shader">
      <UniqueIdentifier>{71601e27-7660-4ad3-bdda-b54d097132f2}</UniqueIdentifier>
    </Filter>
    <Filter Include="src\wrapper\shader\pixel">
      <UniqueIdentifier>{ceb4a578-66bc-4b14-84ca-35c113c95d94}</UniqueIdentifier>
    </Filter>
    <Filter Include="src\wrapper\shader\vertex">
      <UniqueIdentifier>{1cfc6560-b94c-4693-b012-93d6f094bb6a}</UniqueIdentifier>
    </Filter>
    <Filter Include="src\renderer">
      <UniqueIdentifier>{2c9675b6-4d47-4ac8-839b-21461fffd614}</UniqueIdentifier>
    </Filter>
    <Filter Include="src\internal">
      <UniqueIdentifier>{553970da-1c4f-4acf-8d32-05f16ed7ab3e}</UniqueIdentifier>
    </Filter>
    <Filter Include="src\internal\frame-buffer">
      <UniqueIdentifier>{a8d550b1-de43-48c3-9e6d-2a47f6e34c76}</UniqueIdentifier>
    </Filter>
    <Filter Include="src\internal\mesh">
      <UniqueIdentifier>{dd063624-3c36-4e97-a039-a673ce73d58b}</UniqueIdentifier>
    </Filter>
    <Filter Include="src\shaders\linear-gradient">
      <UniqueIdentifier>{5ba72d3d-4b97-43c9-b0ef-406bf9aad78d}</UniqueIdentifier>
    </Filter>
    <Filter Include="src\shaders\quad-gradient">
      <UniqueIdentifier>{29742bc6-6fcf-486b-9a3c-7b535f94618a}</UniqueIdentifier>
    </Filter>
    <Filter Include="src\shaders\sdf">
      <UniqueIdentifier>{1029af82-eb9b-4703-89b6-365a6dcc1123}</UniqueIdentifier>
    </Filter>
    <Filter Include="src\shaders\sdf\hlsl">
      <UniqueIdentifier>{49dff62c-8863-479e-8a03-4268329dd371}</UniqueIdentifier>
    </Filter>
    <Filter Include="src\shaders\quad-gradient\hlsl">
      <UniqueIdentifier>{7d52907c-cc6b-415b-b8fa-ec5f18e1c1f3}</UniqueIdentifier>
    </Filter>
    <Filter Include="src\shaders\linear-gradient\hlsl">
      <UniqueIdentifier>{fa64427b-04f5-433b-b6a9-64158cc604df}</UniqueIdentifier>
    </Filter>
    <Filter Include="src\shaders\blur">
      <UniqueIdentifier>{4ac64c5f-f513-4898-bfe0-929d735f82b9}</UniqueIdentifier>
    </Filter>
    <Filter Include="src\shaders\radial-gradient">
      <UniqueIdentifier>{508f83c0-5dd6-4aff-b31c-192faad0ab19}</UniqueIdentifier>
    </Filter>
    <Filter Include="src\shaders\blur\hlsl">
      <UniqueIdentifier>{f64ce38b-b4f7-4903-b224-3c927aa40201}</UniqueIdentifier>
    </Filter>
    <Filter Include="src\shaders\radial-gradient\hlsl">
      <UniqueIdentifier>{ad425495-f9d5-4881-a40e-bc62f7c1d665}</UniqueIdentifier>
    </Filter>
    <Filter Include="src\state-pipeline">
      <UniqueIdentifier>{7364c4d1-4427-4391-9e35-702110759587}</UniqueIdentifier>
    </Filter>
    <Filter Include="src\internal\stencil-buffer">
      <UniqueIdentifier>{367a19df-3e96-4ed3-91f1-c44f2a17da28}</UniqueIdentifier>
    </Filter>
    <Filter Include="src\shaders\texture">
      <UniqueIdentifier>{5cd2ae00-c6a2-4944-b479-c76735da1696}</UniqueIdentifier>
    </Filter>
    <Filter Include="src\shaders\texture\hlsl">
      <UniqueIdentifier>{fae9b8d2-c1da-4f53-9ee2-240353d32105}</UniqueIdentifier>
    </Filter>
    <Filter Include="src\shaders\color">
      <UniqueIdentifier>{96464f3c-03ba-4c34-ae12-6b41d1f03e42}</UniqueIdentifier>
    </Filter>
    <Filter Include="src\shaders\color\hlsl">
      <UniqueIdentifier>{056de628-ca4b-4a51-881c-34b1cf0f7e82}</UniqueIdentifier>
    </Filter>
    <Filter Include="src\shaders\passthrough">
      <UniqueIdentifier>{8f35cb7a-8659-4e8f-884f-b95626d44425}</UniqueIdentifier>
    </Filter>
    <Filter Include="src\shaders\passthrough\hlsl">
      <UniqueIdentifier>{670c08c0-dce7-45e7-99b5-a986244dfa99}</UniqueIdentifier>
    </Filter>
    <Filter Include="src\state-pipeline\rasterizer-state">
      <UniqueIdentifier>{1e934003-de4d-4f52-93da-7bb47254fee4}</UniqueIdentifier>
    </Filter>
  </ItemGroup>
  <ItemGroup>
    <ClCompile Include="src\null-render-backend-directx9\wrapper\pixel\pixel.cpp">
      <Filter>src\wrapper\shader\pixel</Filter>
    </ClCompile>
    <ClCompile Include="src\null-render-backend-directx9\wrapper\vertex\vertex.cpp">
      <Filter>src\wrapper\shader\vertex</Filter>
    </ClCompile>
    <ClCompile Include="src\null-render-backend-directx9\renderer\renderer.cpp">
      <Filter>src\renderer</Filter>
    </ClCompile>
    <ClCompile Include="src\null-render-backend-directx9\internal\frame-buffer\frame-buffer.cpp">
      <Filter>src\internal\frame-buffer</Filter>
    </ClCompile>
    <ClCompile Include="src\null-render-backend-directx9\internal\mesh\mesh.cpp">
      <Filter>src\internal\mesh</Filter>
    </ClCompile>
    <ClCompile Include="src\null-render-backend-directx9\shaders\linear-gradient\linear-gradient.cpp">
      <Filter>src\shaders\linear-gradient</Filter>
    </ClCompile>
    <ClCompile Include="src\null-render-backend-directx9\shaders\quad-gradient\quad-gradient.cpp">
      <Filter>src\shaders\quad-gradient</Filter>
    </ClCompile>
    <ClCompile Include="src\null-render-backend-directx9\shaders\blur\blur.cpp">
      <Filter>src\shaders\blur</Filter>
    </ClCompile>
    <ClCompile Include="src\null-render-backend-directx9\shaders\radial-gradient\radial-gradient.cpp">
      <Filter>src\shaders\radial-gradient</Filter>
    </ClCompile>
    <ClCompile Include="src\null-render-backend-directx9\state-pipeline\state-pipeline.cpp">
      <Filter>src\state-pipeline</Filter>
    </ClCompile>
    <ClCompile Include="src\null-render-backend-directx9\internal\stencil-buffer\stencil-buffer.cpp">
      <Filter>src\internal\stencil-buffer</Filter>
    </ClCompile>
    <ClCompile Include="src\null-render-backend-directx9\state-pipeline\rasterizer-state\rasterizer-state.cpp">
      <Filter>src\state-pipeline\rasterizer-state</Filter>
    </ClCompile>
  </ItemGroup>
  <ItemGroup>
    <ClInclude Include="src\null-render-backend-directx9.h">
      <Filter>src</Filter>
    </ClInclude>
    <ClInclude Include="src\null-render-backend-directx9\wrapper\pixel\pixel.h">
      <Filter>src\wrapper\shader\pixel</Filter>
    </ClInclude>
    <ClInclude Include="src\null-render-backend-directx9\wrapper\vertex\vertex.h">
      <Filter>src\wrapper\shader\vertex</Filter>
    </ClInclude>
    <ClInclude Include="src\null-render-backend-directx9\renderer\renderer.h">
      <Filter>src\renderer</Filter>
    </ClInclude>
    <ClInclude Include="src\null-render-backend-directx9\internal\frame-buffer\frame-buffer.h">
      <Filter>src\internal\frame-buffer</Filter>
    </ClInclude>
    <ClInclude Include="src\null-render-backend-directx9\internal\mesh\mesh.h">
      <Filter>src\internal\mesh</Filter>
    </ClInclude>
    <ClInclude Include="src\null-render-backend-directx9\shaders\linear-gradient\linear-gradient.h">
      <Filter>src\shaders\linear-gradient</Filter>
    </ClInclude>
    <ClInclude Include="src\null-render-backend-directx9\shaders\quad-gradient\quad-gradient.h">
      <Filter>src\shaders\quad-gradient</Filter>
    </ClInclude>
    <ClInclude Include="src\null-render-backend-directx9\shaders\sdf\sdf.h">
      <Filter>src\shaders\sdf</Filter>
    </ClInclude>
    <ClInclude Include="src\null-render-backend-directx9\shaders\sdf\compiled-object.h">
      <Filter>src\shaders\sdf</Filter>
    </ClInclude>
    <ClInclude Include="src\null-render-backend-directx9\shaders\quad-gradient\compiled-object.h">
      <Filter>src\shaders\quad-gradient</Filter>
    </ClInclude>
    <ClInclude Include="src\null-render-backend-directx9\shaders\linear-gradient\compiled-object.h">
      <Filter>src\shaders\linear-gradient</Filter>
    </ClInclude>
    <ClInclude Include="src\null-render-backend-directx9\wrapper\compiled-shader.h">
      <Filter>src\wrapper\shader</Filter>
    </ClInclude>
    <ClInclude Include="src\null-render-backend-directx9\internal\shader.h">
      <Filter>src\internal</Filter>
    </ClInclude>
    <ClInclude Include="src\null-render-backend-directx9\shaders\blur\blur.h">
      <Filter>src\shaders\blur</Filter>
    </ClInclude>
    <ClInclude Include="src\null-render-backend-directx9\shaders\blur\compiled-object.h">
      <Filter>src\shaders\blur</Filter>
    </ClInclude>
    <ClInclude Include="src\null-render-backend-directx9\shaders\radial-gradient\radial-gradient.h">
      <Filter>src\shaders\radial-gradient</Filter>
    </ClInclude>
    <ClInclude Include="src\null-render-backend-directx9\shaders\radial-gradient\compiled-object.h">
      <Filter>src\shaders\radial-gradient</Filter>
    </ClInclude>
    <ClInclude Include="src\null-render-backend-directx9\state-pipeline\state-pipeline.h">
      <Filter>src\state-pipeline</Filter>
    </ClInclude>
    <ClInclude Include="src\null-render-backend-directx9\internal\stencil-buffer\stencil-buffer.h">
      <Filter>src\internal\stencil-buffer</Filter>
    </ClInclude>
    <ClInclude Include="src\null-render-backend-directx9\shaders\color\compiled-object.h">
      <Filter>src\shaders\color</Filter>
    </ClInclude>
    <ClInclude Include="src\null-render-backend-directx9\shaders\color\color.h">
      <Filter>src\shaders\color</Filter>
    </ClInclude>
    <ClInclude Include="src\null-render-backend-directx9\shaders\passthrough\passthrough.h">
      <Filter>src\shaders\passthrough</Filter>
    </ClInclude>
    <ClInclude Include="src\null-render-backend-directx9\shaders\passthrough\compiled-object.h">
      <Filter>src\shaders\passthrough</Filter>
    </ClInclude>
    <ClInclude Include="src\null-render-backend-directx9\shaders\texture\compiled-object.h">
      <Filter>src\shaders\texture</Filter>
    </ClInclude>
    <ClInclude Include="src\null-render-backend-directx9\shaders\texture\texture.h">
      <Filter>src\shaders\texture</Filter>
    </ClInclude>
    <ClInclude Include="src\null-render-backend-directx9\state-pipeline\rasterizer-state\rasterizer-state.h">
      <Filter>src\state-pipeline\rasterizer-state</Filter>
    </ClInclude>
  </ItemGroup>
  <ItemGroup>
    <FxCompile Include="src\null-render-backend-directx9\shaders\sdf\hlsl\sdf.hlsl">
      <Filter>src\shaders\sdf\hlsl</Filter>
    </FxCompile>
    <FxCompile Include="src\null-render-backend-directx9\shaders\quad-gradient\hlsl\quad-gradient.hlsl">
      <Filter>src\shaders\quad-gradient\hlsl</Filter>
    </FxCompile>
    <FxCompile Include="src\null-render-backend-directx9\shaders\linear-gradient\hlsl\linear-gradient.hlsl">
      <Filter>src\shaders\linear-gradient\hlsl</Filter>
    </FxCompile>
    <FxCompile Include="src\null-render-backend-directx9\shaders\blur\hlsl\blur.hlsl">
      <Filter>src\shaders\blur\hlsl</Filter>
    </FxCompile>
    <FxCompile Include="src\null-render-backend-directx9\shaders\radial-gradient\hlsl\radial-gradient.hlsl">
      <Filter>src\shaders\radial-gradient\hlsl</Filter>
    </FxCompile>
    <FxCompile Include="src\null-render-backend-directx9\shaders\color\hlsl\color-ps.hlsl">
      <Filter>src\shaders\color\hlsl</Filter>
    </FxCompile>
    <FxCompile Include="src\null-render-backend-directx9\shaders\color\hlsl\color-vs.hlsl">
      <Filter>src\shaders\color\hlsl</Filter>
    </FxCompile>
    <FxCompile Include="src\null-render-backend-directx9\shaders\passthrough\hlsl\passthrough-ps.hlsl">
      <Filter>src\shaders\passthrough\hlsl</Filter>
    </FxCompile>
    <FxCompile Include="src\null-render-backend-directx9\shaders\passthrough\hlsl\passthrough-vs.hlsl">
      <Filter>src\shaders\passthrough\hlsl</Filter>
    </FxCompile>
    <FxCompile Include="src\null-render-backend-directx9\shaders\texture\hlsl\texture.hlsl">
      <Filter>src\shaders\texture\hlsl</Filter>
    </FxCompile>
    <FxCompile Include="src\null-render-backend-directx9\shaders\sdf\hlsl\mtsdf.hlsl">
      <Filter>src\shaders\sdf\hlsl</Filter>
    </FxCompile>
    <FxCompile Include="src\null-render-backend-directx9\shaders\sdf\hlsl\msdf.hlsl">
      <Filter>src\shaders\sdf\hlsl</Filter>
    </FxCompile>
  </ItemGroup>
  <ItemGroup>
    <None Include="src\null-render-backend-directx9\shaders\sdf\hlsl\sdf.hlsli">
      <Filter>src\shaders\sdf\hlsl</Filter>
    </None>
  </ItemGroup>
</Project>