<?xml version="1.0" encoding="utf-8"?>
<Project ToolsVersion="4.0" xmlns="http://schemas.microsoft.com/developer/msbuild/2003">
  <ItemGroup>
    <Filter Include="src">
      <UniqueIdentifier>{d11addc5-089b-4237-a3dd-c21f8f81dcf1}</UniqueIdentifier>
    </Filter>
    <Filter Include="src\opengl">
      <UniqueIdentifier>{e20a92ef-dfb8-48bb-babe-0bef3a0cc772}</UniqueIdentifier>
    </Filter>
    <Filter Include="resources">
      <UniqueIdentifier>{3bc9fc43-740a-4ee6-a1b4-42b2994661ec}</UniqueIdentifier>
    </Filter>
    <Filter Include="src\shaders">
      <UniqueIdentifier>{7ece53da-1030-4628-9f2b-ad283852bc40}</UniqueIdentifier>
    </Filter>
    <Filter Include="src\shaders\general-texture">
      <UniqueIdentifier>{98702e17-2602-4106-b8c6-90e47c02c069}</UniqueIdentifier>
    </Filter>
    <Filter Include="src\shaders\general-color">
      <UniqueIdentifier>{5ee0845e-3281-4c6f-9241-37a1ce5587ed}</UniqueIdentifier>
    </Filter>
    <Filter Include="src\shaders\general-color\glsl">
      <UniqueIdentifier>{dbb562e1-e9aa-4cf9-a2e3-cb5a118f048e}</UniqueIdentifier>
    </Filter>
    <Filter Include="src\shaders\general-texture\glsl">
      <UniqueIdentifier>{7a177bff-2cb0-4229-83c1-ef9a00936bc0}</UniqueIdentifier>
    </Filter>
  </ItemGroup>
  <ItemGroup>
    <ClCompile Include="src\null-renderer-opengl3.cpp">
      <Filter>src</Filter>
    </ClCompile>
  </ItemGroup>
  <ItemGroup>
    <ClInclude Include="src\null-renderer-opengl3.h">
      <Filter>src</Filter>
    </ClInclude>
    <ClInclude Include="src\opengl\opengl3.h">
      <Filter>src\opengl</Filter>
    </ClInclude>
    <ClInclude Include="src\shaders\shaders.h">
      <Filter>src\shaders</Filter>
    </ClInclude>
    <ClInclude Include="src\shaders\general-color\general-color.h">
      <Filter>src\shaders\general-color</Filter>
    </ClInclude>
    <ClInclude Include="src\shaders\general-texture\general-texture.h">
      <Filter>src\shaders\general-texture</Filter>
    </ClInclude>
  </ItemGroup>
  <ItemGroup>
    <ResourceCompile Include="resources\null-renderer-opengl3-resources.rc">
      <Filter>resources</Filter>
    </ResourceCompile>
  </ItemGroup>
  <ItemGroup>
    <None Include="src\shaders\general-color\glsl\vertex-color.glsl">
      <Filter>src\shaders\general-color\glsl</Filter>
    </None>
    <None Include="src\shaders\general-color\glsl\fragment-color.glsl">
      <Filter>src\shaders\general-color\glsl</Filter>
    </None>
    <None Include="src\shaders\general-texture\glsl\fragment-texture.glsl">
      <Filter>src\shaders\general-texture\glsl</Filter>
    </None>
    <None Include="src\shaders\general-texture\glsl\vertex-texture.glsl">
      <Filter>src\shaders\general-texture\glsl</Filter>
    </None>
  </ItemGroup>
</Project>