<?xml version="1.0" encoding="utf-8"?>
<Project ToolsVersion="4.0" xmlns="http://schemas.microsoft.com/developer/msbuild/2003">
  <ItemGroup>
    <Filter Include="src">
      <UniqueIdentifier>{d11addc5-089b-4237-a3dd-c21f8f81dcf1}</UniqueIdentifier>
    </Filter>
    <Filter Include="src\opengl">
      <UniqueIdentifier>{e20a92ef-dfb8-48bb-babe-0bef3a0cc772}</UniqueIdentifier>
    </Filter>
    <Filter Include="resources">
      <UniqueIdentifier>{3bc9fc43-740a-4ee6-a1b4-42b2994661ec}</UniqueIdentifier>
    </Filter>
    <Filter Include="resources\shaders">
      <UniqueIdentifier>{000f1830-6ce9-47c7-8a92-40ac65d2269e}</UniqueIdentifier>
    </Filter>
  </ItemGroup>
  <ItemGroup>
    <ClCompile Include="src\null-renderer-opengl3.cpp">
      <Filter>src</Filter>
    </ClCompile>
  </ItemGroup>
  <ItemGroup>
    <ClInclude Include="src\null-renderer-opengl3.h">
      <Filter>src</Filter>
    </ClInclude>
    <ClInclude Include="src\opengl\opengl3.h">
      <Filter>src\opengl</Filter>
    </ClInclude>
  </ItemGroup>
  <ItemGroup>
    <ResourceCompile Include="resources\null-renderer-opengl3-resources.rc">
      <Filter>resources</Filter>
    </ResourceCompile>
  </ItemGroup>
  <ItemGroup>
    <None Include="resources\shaders\fragment.glsl">
      <Filter>resources\shaders</Filter>
    </None>
    <None Include="resources\shaders\vertex.glsl">
      <Filter>resources\shaders</Filter>
    </None>
  </ItemGroup>
</Project>