<?xml version="1.0" encoding="utf-8"?>
<Project ToolsVersion="4.0" xmlns="http://schemas.microsoft.com/developer/msbuild/2003">
  <ItemGroup>
    <Filter Include="src">
      <UniqueIdentifier>{d11addc5-089b-4237-a3dd-c21f8f81dcf1}</UniqueIdentifier>
    </Filter>
    <Filter Include="resources">
      <UniqueIdentifier>{3bc9fc43-740a-4ee6-a1b4-42b2994661ec}</UniqueIdentifier>
    </Filter>
    <Filter Include="src\shaders">
      <UniqueIdentifier>{7ece53da-1030-4628-9f2b-ad283852bc40}</UniqueIdentifier>
    </Filter>
    <Filter Include="src\shaders\sdf">
      <UniqueIdentifier>{824b0bdf-66e3-43ec-bb0e-6e38a618b37a}</UniqueIdentifier>
    </Filter>
    <Filter Include="src\shaders\passthrough-texture">
      <UniqueIdentifier>{98702e17-2602-4106-b8c6-90e47c02c069}</UniqueIdentifier>
    </Filter>
    <Filter Include="src\shaders\passthrough-color">
      <UniqueIdentifier>{5ee0845e-3281-4c6f-9241-37a1ce5587ed}</UniqueIdentifier>
    </Filter>
    <Filter Include="src\shaders\quad-gradient">
      <UniqueIdentifier>{65f0e0b0-b8a6-4752-989a-4387c3d4bdcf}</UniqueIdentifier>
    </Filter>
    <Filter Include="src\internal">
      <UniqueIdentifier>{a2450421-9a7e-42fc-8fd9-605679490eb4}</UniqueIdentifier>
    </Filter>
    <Filter Include="src\wrapper">
      <UniqueIdentifier>{94372850-18b3-4260-9bdd-ce0c2b331ddf}</UniqueIdentifier>
    </Filter>
    <Filter Include="src\renderer">
      <UniqueIdentifier>{f6e51c44-d56d-47cd-a7e9-dc5baa5d9756}</UniqueIdentifier>
    </Filter>
    <Filter Include="src\internal\frame-buffer">
      <UniqueIdentifier>{1c7930f9-225d-49a7-977a-a4ddc42b0a62}</UniqueIdentifier>
    </Filter>
    <Filter Include="src\internal\mesh">
      <UniqueIdentifier>{f83f074c-4bb0-4c11-a868-3770f6b2a6e0}</UniqueIdentifier>
    </Filter>
    <Filter Include="src\wrapper\shader">
      <UniqueIdentifier>{7a320df5-1b53-478e-a9a5-cd5b1cdcc3bb}</UniqueIdentifier>
    </Filter>
    <Filter Include="src\wrapper\program">
      <UniqueIdentifier>{078b6144-301d-4467-a73c-b0b1f5dfbdd9}</UniqueIdentifier>
    </Filter>
    <Filter Include="src\wrapper\fields">
      <UniqueIdentifier>{6937bc07-2f6e-449a-88cc-a582ec9fd054}</UniqueIdentifier>
    </Filter>
    <Filter Include="src\shaders\compiled-objects">
      <UniqueIdentifier>{3b0398e2-854e-4455-8512-fc8a229e4c8c}</UniqueIdentifier>
    </Filter>
    <Filter Include="src\shaders\compiled-objects\passthrough">
      <UniqueIdentifier>{5a0e1560-357d-4e86-b2a3-795921c42d02}</UniqueIdentifier>
    </Filter>
    <Filter Include="src\shaders\compiled-objects\passthrough-color">
      <UniqueIdentifier>{8ecc15cb-d9a0-4501-b69a-089474637a56}</UniqueIdentifier>
    </Filter>
    <Filter Include="src\shaders\compiled-objects\sdf">
      <UniqueIdentifier>{00e3385a-1888-48e8-9f8f-b2febe478ec0}</UniqueIdentifier>
    </Filter>
    <Filter Include="src\shaders\compiled-objects\quad-gradient">
      <UniqueIdentifier>{a25a92fb-3998-4a59-990f-1c1be7d4f084}</UniqueIdentifier>
    </Filter>
    <Filter Include="src\shaders\compiled-objects\passthrough-texture">
      <UniqueIdentifier>{ee7cf448-0e66-4630-9671-cfcaa71755d9}</UniqueIdentifier>
    </Filter>
    <Filter Include="src\shaders\compiled-objects\passthrough-texture\glsl">
      <UniqueIdentifier>{cc75025b-120c-4715-b119-cbfe9573c158}</UniqueIdentifier>
    </Filter>
    <Filter Include="src\shaders\compiled-objects\quad-gradient\glsl">
      <UniqueIdentifier>{fed1505c-0a57-4343-a0c9-f4188cc89218}</UniqueIdentifier>
    </Filter>
    <Filter Include="src\shaders\compiled-objects\sdf\glsl">
      <UniqueIdentifier>{6b625ca8-6f90-40a0-a841-910c9229f8eb}</UniqueIdentifier>
    </Filter>
    <Filter Include="src\shaders\compiled-objects\passthrough-color\glsl">
      <UniqueIdentifier>{de0a6a72-3f97-47e3-b904-52cff0812989}</UniqueIdentifier>
    </Filter>
    <Filter Include="src\shaders\compiled-objects\passthrough\glsl">
      <UniqueIdentifier>{a7585922-2663-4809-8cc0-1bc806087d55}</UniqueIdentifier>
    </Filter>
  </ItemGroup>
  <ItemGroup>
    <ClCompile Include="src\null-backend-opengl3.cpp">
      <Filter>src</Filter>
    </ClCompile>
    <ClCompile Include="src\internal\mesh\mesh.cpp">
      <Filter>src\internal\mesh</Filter>
    </ClCompile>
    <ClCompile Include="src\internal\frame-buffer\frame-buffer.cpp">
      <Filter>src\internal\frame-buffer</Filter>
    </ClCompile>
    <ClCompile Include="src\renderer\renderer.cpp">
      <Filter>src\renderer</Filter>
    </ClCompile>
    <ClCompile Include="src\wrapper\shader\shader.cpp">
      <Filter>src\wrapper\shader</Filter>
    </ClCompile>
    <ClCompile Include="src\wrapper\fields\fields.cpp">
      <Filter>src\wrapper\fields</Filter>
    </ClCompile>
    <ClCompile Include="src\wrapper\program\program.cpp">
      <Filter>src\wrapper\program</Filter>
    </ClCompile>
    <ClCompile Include="src\shaders\passthrough-color\passthrough-color.cpp">
      <Filter>src\shaders\passthrough-color</Filter>
    </ClCompile>
  </ItemGroup>
  <ItemGroup>
    <ClInclude Include="src\null-backend-opengl3.h">
      <Filter>src</Filter>
    </ClInclude>
    <ClInclude Include="src\shaders\shader.h">
      <Filter>src\shaders</Filter>
    </ClInclude>
    <ClInclude Include="src\shaders\sdf\sdf.h">
      <Filter>src\shaders\sdf</Filter>
    </ClInclude>
    <ClInclude Include="src\shaders\quad-gradient\quad-gradient.h">
      <Filter>src\shaders\quad-gradient</Filter>
    </ClInclude>
    <ClInclude Include="src\internal\mesh\mesh.h">
      <Filter>src\internal\mesh</Filter>
    </ClInclude>
    <ClInclude Include="src\internal\frame-buffer\frame-buffer.h">
      <Filter>src\internal\frame-buffer</Filter>
    </ClInclude>
    <ClInclude Include="src\renderer\renderer.h">
      <Filter>src\renderer</Filter>
    </ClInclude>
    <ClInclude Include="src\wrapper\opengl3.h">
      <Filter>src\wrapper</Filter>
    </ClInclude>
    <ClInclude Include="src\wrapper\shader\shader.h">
      <Filter>src\wrapper\shader</Filter>
    </ClInclude>
    <ClInclude Include="src\wrapper\fields\fields.h">
      <Filter>src\wrapper\fields</Filter>
    </ClInclude>
    <ClInclude Include="src\wrapper\program\program.h">
      <Filter>src\wrapper\program</Filter>
    </ClInclude>
    <ClInclude Include="src\shaders\passthrough-color\passthrough-color.h">
      <Filter>src\shaders\passthrough-color</Filter>
    </ClInclude>
    <ClInclude Include="src\shaders\passthrough-texture\passthrough-texture.h">
      <Filter>src\shaders\passthrough-texture</Filter>
    </ClInclude>
    <ClInclude Include="src\shaders\compiled-objects\passthrough\passthrough.h">
      <Filter>src\shaders\compiled-objects\passthrough</Filter>
    </ClInclude>
    <ClInclude Include="src\shaders\compiled-objects\passthrough-texture\passthrough-texture.h">
      <Filter>src\shaders\compiled-objects\passthrough-texture</Filter>
    </ClInclude>
    <ClInclude Include="src\shaders\compiled-objects\quad-gradient\quad-gradient.h">
      <Filter>src\shaders\compiled-objects\quad-gradient</Filter>
    </ClInclude>
    <ClInclude Include="src\shaders\compiled-objects\sdf\sdf.h">
      <Filter>src\shaders\compiled-objects\sdf</Filter>
    </ClInclude>
    <ClInclude Include="src\shaders\compiled-objects\passthrough-color\passthrough-color.h">
      <Filter>src\shaders\compiled-objects\passthrough-color</Filter>
    </ClInclude>
  </ItemGroup>
  <ItemGroup>
    <ResourceCompile Include="resources\null-backend-opengl3-resources.rc">
      <Filter>resources</Filter>
    </ResourceCompile>
  </ItemGroup>
  <ItemGroup>
    <None Include="src\shaders\compiled-objects\passthrough-texture\glsl\passthrough-texture.frag">
      <Filter>src\shaders\compiled-objects\passthrough-texture\glsl</Filter>
    </None>
    <None Include="src\shaders\compiled-objects\quad-gradient\glsl\quad-gradient.frag">
      <Filter>src\shaders\compiled-objects\quad-gradient\glsl</Filter>
    </None>
    <None Include="src\shaders\compiled-objects\sdf\glsl\sdf.frag">
      <Filter>src\shaders\compiled-objects\sdf\glsl</Filter>
    </None>
    <None Include="src\shaders\compiled-objects\passthrough-color\glsl\passthrough-color.frag">
      <Filter>src\shaders\compiled-objects\passthrough-color\glsl</Filter>
    </None>
    <None Include="src\shaders\compiled-objects\passthrough\glsl\passthrough.vert">
      <Filter>src\shaders\compiled-objects\passthrough\glsl</Filter>
    </None>
  </ItemGroup>
</Project>