<?xml version="1.0" encoding="utf-8"?>
<Project ToolsVersion="4.0" xmlns="http://schemas.microsoft.com/developer/msbuild/2003">
  <ItemGroup>
    <Filter Include="src">
      <UniqueIdentifier>{d11addc5-089b-4237-a3dd-c21f8f81dcf1}</UniqueIdentifier>
    </Filter>
    <Filter Include="src\wrapper">
      <UniqueIdentifier>{dc357853-3fa7-4fcb-a4f9-fc88674e8e1d}</UniqueIdentifier>
    </Filter>
    <Filter Include="src\shaders">
      <UniqueIdentifier>{52180507-935a-487d-9c58-dd9202ed102d}</UniqueIdentifier>
    </Filter>
    <Filter Include="src\wrapper\shader">
      <UniqueIdentifier>{71601e27-7660-4ad3-bdda-b54d097132f2}</UniqueIdentifier>
    </Filter>
    <Filter Include="src\wrapper\shader\pixel">
      <UniqueIdentifier>{ceb4a578-66bc-4b14-84ca-35c113c95d94}</UniqueIdentifier>
    </Filter>
    <Filter Include="src\wrapper\shader\vertex">
      <UniqueIdentifier>{1cfc6560-b94c-4693-b012-93d6f094bb6a}</UniqueIdentifier>
    </Filter>
    <Filter Include="src\shaders\passthrough-color">
      <UniqueIdentifier>{96464f3c-03ba-4c34-ae12-6b41d1f03e42}</UniqueIdentifier>
    </Filter>
    <Filter Include="src\shaders\passthrough-texture">
      <UniqueIdentifier>{5cd2ae00-c6a2-4944-b479-c76735da1696}</UniqueIdentifier>
    </Filter>
    <Filter Include="src\shaders\sdf">
      <UniqueIdentifier>{1029af82-eb9b-4703-89b6-365a6dcc1123}</UniqueIdentifier>
    </Filter>
    <Filter Include="src\shaders\quad-gradient">
      <UniqueIdentifier>{29742bc6-6fcf-486b-9a3c-7b535f94618a}</UniqueIdentifier>
    </Filter>
    <Filter Include="src\renderer">
      <UniqueIdentifier>{2c9675b6-4d47-4ac8-839b-21461fffd614}</UniqueIdentifier>
    </Filter>
    <Filter Include="src\internal">
      <UniqueIdentifier>{553970da-1c4f-4acf-8d32-05f16ed7ab3e}</UniqueIdentifier>
    </Filter>
    <Filter Include="src\internal\frame-buffer">
      <UniqueIdentifier>{a8d550b1-de43-48c3-9e6d-2a47f6e34c76}</UniqueIdentifier>
    </Filter>
    <Filter Include="src\internal\mesh">
      <UniqueIdentifier>{dd063624-3c36-4e97-a039-a673ce73d58b}</UniqueIdentifier>
    </Filter>
    <Filter Include="src\shaders\compiled-objects">
      <UniqueIdentifier>{42bc5f01-5b45-4c0c-adf4-776ad59973c7}</UniqueIdentifier>
    </Filter>
    <Filter Include="src\shaders\compiled-objects\sdf">
      <UniqueIdentifier>{f3ee7a14-7164-4772-b4d5-6163c6c41929}</UniqueIdentifier>
    </Filter>
    <Filter Include="src\shaders\compiled-objects\quad-gradient">
      <UniqueIdentifier>{217336ff-6217-429c-9ee4-d87b3d1cd114}</UniqueIdentifier>
    </Filter>
    <Filter Include="src\shaders\compiled-objects\passthrough-texture">
      <UniqueIdentifier>{0a21c2ee-275a-4896-9d8f-a3891fe3a3bf}</UniqueIdentifier>
    </Filter>
    <Filter Include="src\shaders\compiled-objects\passthrough-color">
      <UniqueIdentifier>{7c9aa7d1-a387-4968-b881-d439b48e1237}</UniqueIdentifier>
    </Filter>
    <Filter Include="src\shaders\compiled-objects\passthrough">
      <UniqueIdentifier>{1928801f-9c0b-4b39-a460-75772858190b}</UniqueIdentifier>
    </Filter>
    <Filter Include="src\shaders\compiled-objects\passthrough\hlsl">
      <UniqueIdentifier>{df7d4d79-42d7-43b7-9f9e-60ad8b3f39e8}</UniqueIdentifier>
    </Filter>
    <Filter Include="src\shaders\compiled-objects\passthrough-color\hlsl">
      <UniqueIdentifier>{d6e51bbd-e817-4fe3-a2fb-1b41521a9fbd}</UniqueIdentifier>
    </Filter>
    <Filter Include="src\shaders\compiled-objects\passthrough-texture\hlsl">
      <UniqueIdentifier>{cbe839c8-511f-4ed2-83f9-1a8d9bdca369}</UniqueIdentifier>
    </Filter>
    <Filter Include="src\shaders\compiled-objects\quad-gradient\hlsl">
      <UniqueIdentifier>{7046f30f-cd35-4fcc-8a79-b558d3cf2f86}</UniqueIdentifier>
    </Filter>
    <Filter Include="src\shaders\compiled-objects\sdf\hlsl">
      <UniqueIdentifier>{f15d513d-e8e5-4a65-912b-e10734593666}</UniqueIdentifier>
    </Filter>
    <Filter Include="src\shaders\linear-gradient">
      <UniqueIdentifier>{5ba72d3d-4b97-43c9-b0ef-406bf9aad78d}</UniqueIdentifier>
    </Filter>
    <Filter Include="src\shaders\compiled-objects\linear-gradient">
      <UniqueIdentifier>{f4f9a01e-5049-43bc-9439-ab687f65f464}</UniqueIdentifier>
    </Filter>
    <Filter Include="src\shaders\compiled-objects\linear-gradient\hlsl">
      <UniqueIdentifier>{cc0349f9-85ca-46ea-b572-abfef4f007ef}</UniqueIdentifier>
    </Filter>
  </ItemGroup>
  <ItemGroup>
    <ClCompile Include="src\wrapper\pixel\pixel.cpp">
      <Filter>src\wrapper\shader\pixel</Filter>
    </ClCompile>
    <ClCompile Include="src\wrapper\vertex\vertex.cpp">
      <Filter>src\wrapper\shader\vertex</Filter>
    </ClCompile>
    <ClCompile Include="src\renderer\renderer.cpp">
      <Filter>src\renderer</Filter>
    </ClCompile>
    <ClCompile Include="src\internal\frame-buffer\frame-buffer.cpp">
      <Filter>src\internal\frame-buffer</Filter>
    </ClCompile>
    <ClCompile Include="src\internal\mesh\mesh.cpp">
      <Filter>src\internal\mesh</Filter>
    </ClCompile>
    <ClCompile Include="src\shaders\sdf\sdf.cpp">
      <Filter>src\shaders\sdf</Filter>
    </ClCompile>
    <ClCompile Include="src\shaders\quad-gradient\quad-gradient.cpp">
      <Filter>src\shaders\quad-gradient</Filter>
    </ClCompile>
    <ClCompile Include="src\shaders\passthrough-texture\passthrough-texture.cpp">
      <Filter>src\shaders\passthrough-texture</Filter>
    </ClCompile>
    <ClCompile Include="src\shaders\passthrough-color\passthrough-color.cpp">
      <Filter>src\shaders\passthrough-color</Filter>
    </ClCompile>
    <ClCompile Include="src\shaders\linear-gradient\linear-gradient.cpp">
      <Filter>src\shaders\linear-gradient</Filter>
    </ClCompile>
  </ItemGroup>
  <ItemGroup>
    <ClInclude Include="src\null-render-backend-directx9.h">
      <Filter>src</Filter>
    </ClInclude>
    <ClInclude Include="src\shaders\shader.h">
      <Filter>src\shaders</Filter>
    </ClInclude>
    <ClInclude Include="src\wrapper\shader\shader.h">
      <Filter>src\wrapper\shader</Filter>
    </ClInclude>
    <ClInclude Include="src\wrapper\pixel\pixel.h">
      <Filter>src\wrapper\shader\pixel</Filter>
    </ClInclude>
    <ClInclude Include="src\wrapper\vertex\vertex.h">
      <Filter>src\wrapper\shader\vertex</Filter>
    </ClInclude>
    <ClInclude Include="src\shaders\passthrough-color\passthrough-color.h">
      <Filter>src\shaders\passthrough-color</Filter>
    </ClInclude>
    <ClInclude Include="src\shaders\passthrough-texture\passthrough-texture.h">
      <Filter>src\shaders\passthrough-texture</Filter>
    </ClInclude>
    <ClInclude Include="src\shaders\quad-gradient\quad-gradient.h">
      <Filter>src\shaders\quad-gradient</Filter>
    </ClInclude>
    <ClInclude Include="src\shaders\sdf\sdf.h">
      <Filter>src\shaders\sdf</Filter>
    </ClInclude>
    <ClInclude Include="src\renderer\renderer.h">
      <Filter>src\renderer</Filter>
    </ClInclude>
    <ClInclude Include="src\internal\frame-buffer\frame-buffer.h">
      <Filter>src\internal\frame-buffer</Filter>
    </ClInclude>
    <ClInclude Include="src\internal\mesh\mesh.h">
      <Filter>src\internal\mesh</Filter>
    </ClInclude>
    <ClInclude Include="src\shaders\compiled-objects\sdf\sdf.h">
      <Filter>src\shaders\compiled-objects\sdf</Filter>
    </ClInclude>
    <ClInclude Include="src\shaders\compiled-objects\quad-gradient\quad-gradient.h">
      <Filter>src\shaders\compiled-objects\quad-gradient</Filter>
    </ClInclude>
    <ClInclude Include="src\shaders\compiled-objects\passthrough-texture\passthrough-texture.h">
      <Filter>src\shaders\compiled-objects\passthrough-texture</Filter>
    </ClInclude>
    <ClInclude Include="src\shaders\compiled-objects\passthrough-color\passthrough-color.h">
      <Filter>src\shaders\compiled-objects\passthrough-color</Filter>
    </ClInclude>
    <ClInclude Include="src\shaders\compiled-objects\passthrough\passthrough.h">
      <Filter>src\shaders\compiled-objects\passthrough</Filter>
    </ClInclude>
    <ClInclude Include="src\shaders\linear-gradient\linear-gradient.h">
      <Filter>src\shaders\linear-gradient</Filter>
    </ClInclude>
    <ClInclude Include="src\shaders\compiled-objects\linear-gradient\linear-gradient.h">
      <Filter>src\shaders\compiled-objects\linear-gradient</Filter>
    </ClInclude>
  </ItemGroup>
  <ItemGroup>
    <FxCompile Include="src\shaders\compiled-objects\passthrough\hlsl\passthrough.hlsl">
      <Filter>src\shaders\compiled-objects\passthrough\hlsl</Filter>
    </FxCompile>
    <FxCompile Include="src\shaders\compiled-objects\passthrough-color\hlsl\passthrough-color.hlsl">
      <Filter>src\shaders\compiled-objects\passthrough-color\hlsl</Filter>
    </FxCompile>
    <FxCompile Include="src\shaders\compiled-objects\passthrough-texture\hlsl\passthrough-texture.hlsl">
      <Filter>src\shaders\compiled-objects\passthrough-texture\hlsl</Filter>
    </FxCompile>
    <FxCompile Include="src\shaders\compiled-objects\quad-gradient\hlsl\quad-gradient.hlsl">
      <Filter>src\shaders\compiled-objects\quad-gradient\hlsl</Filter>
    </FxCompile>
    <FxCompile Include="src\shaders\compiled-objects\sdf\hlsl\sdf.hlsl">
      <Filter>src\shaders\compiled-objects\sdf\hlsl</Filter>
    </FxCompile>
    <FxCompile Include="src\shaders\compiled-objects\linear-gradient\hlsl\linear-gradient.hlsl">
      <Filter>src\shaders\compiled-objects\linear-gradient\hlsl</Filter>
    </FxCompile>
  </ItemGroup>
</Project>