<?xml version="1.0" encoding="utf-8"?>
<Project ToolsVersion="4.0" xmlns="http://schemas.microsoft.com/developer/msbuild/2003">
  <ItemGroup>
    <Filter Include="src">
      <UniqueIdentifier>{d11addc5-089b-4237-a3dd-c21f8f81dcf1}</UniqueIdentifier>
    </Filter>
    <Filter Include="src\wrapper">
      <UniqueIdentifier>{dc357853-3fa7-4fcb-a4f9-fc88674e8e1d}</UniqueIdentifier>
    </Filter>
    <Filter Include="src\shaders">
      <UniqueIdentifier>{52180507-935a-487d-9c58-dd9202ed102d}</UniqueIdentifier>
    </Filter>
    <Filter Include="src\wrapper\shader">
      <UniqueIdentifier>{71601e27-7660-4ad3-bdda-b54d097132f2}</UniqueIdentifier>
    </Filter>
    <Filter Include="src\wrapper\shader\pixel">
      <UniqueIdentifier>{ceb4a578-66bc-4b14-84ca-35c113c95d94}</UniqueIdentifier>
    </Filter>
    <Filter Include="src\wrapper\shader\vertex">
      <UniqueIdentifier>{1cfc6560-b94c-4693-b012-93d6f094bb6a}</UniqueIdentifier>
    </Filter>
    <Filter Include="src\renderer">
      <UniqueIdentifier>{2c9675b6-4d47-4ac8-839b-21461fffd614}</UniqueIdentifier>
    </Filter>
    <Filter Include="src\internal">
      <UniqueIdentifier>{553970da-1c4f-4acf-8d32-05f16ed7ab3e}</UniqueIdentifier>
    </Filter>
    <Filter Include="src\internal\frame-buffer">
      <UniqueIdentifier>{a8d550b1-de43-48c3-9e6d-2a47f6e34c76}</UniqueIdentifier>
    </Filter>
    <Filter Include="src\internal\mesh">
      <UniqueIdentifier>{dd063624-3c36-4e97-a039-a673ce73d58b}</UniqueIdentifier>
    </Filter>
    <Filter Include="src\shaders\shared-compiled-object">
      <UniqueIdentifier>{0dce0963-1ba6-4d3d-b8aa-8905536b0f2d}</UniqueIdentifier>
    </Filter>
    <Filter Include="src\shaders\linear-gradient-shader">
      <UniqueIdentifier>{5ba72d3d-4b97-43c9-b0ef-406bf9aad78d}</UniqueIdentifier>
    </Filter>
    <Filter Include="src\shaders\passthrough-color-shader">
      <UniqueIdentifier>{96464f3c-03ba-4c34-ae12-6b41d1f03e42}</UniqueIdentifier>
    </Filter>
    <Filter Include="src\shaders\passthrough-texture-shader">
      <UniqueIdentifier>{5cd2ae00-c6a2-4944-b479-c76735da1696}</UniqueIdentifier>
    </Filter>
    <Filter Include="src\shaders\quad-gradient-shader">
      <UniqueIdentifier>{29742bc6-6fcf-486b-9a3c-7b535f94618a}</UniqueIdentifier>
    </Filter>
    <Filter Include="src\shaders\sdf-shader">
      <UniqueIdentifier>{1029af82-eb9b-4703-89b6-365a6dcc1123}</UniqueIdentifier>
    </Filter>
    <Filter Include="src\shaders\shared-compiled-object\passthrough-object">
      <UniqueIdentifier>{3ae8ea01-b6fd-4e9a-8523-9bcfa52db95a}</UniqueIdentifier>
    </Filter>
    <Filter Include="src\shaders\shared-compiled-object\passthrough-object\hlsl">
      <UniqueIdentifier>{bbd0775e-6dde-4b96-83b3-2a0155803d40}</UniqueIdentifier>
    </Filter>
    <Filter Include="src\shaders\sdf-shader\hlsl">
      <UniqueIdentifier>{49dff62c-8863-479e-8a03-4268329dd371}</UniqueIdentifier>
    </Filter>
    <Filter Include="src\shaders\quad-gradient-shader\hlsl">
      <UniqueIdentifier>{7d52907c-cc6b-415b-b8fa-ec5f18e1c1f3}</UniqueIdentifier>
    </Filter>
    <Filter Include="src\shaders\passthrough-texture-shader\hlsl">
      <UniqueIdentifier>{fae9b8d2-c1da-4f53-9ee2-240353d32105}</UniqueIdentifier>
    </Filter>
    <Filter Include="src\shaders\passthrough-color-shader\hlsl">
      <UniqueIdentifier>{056de628-ca4b-4a51-881c-34b1cf0f7e82}</UniqueIdentifier>
    </Filter>
    <Filter Include="src\shaders\linear-gradient-shader\hlsl">
      <UniqueIdentifier>{fa64427b-04f5-433b-b6a9-64158cc604df}</UniqueIdentifier>
    </Filter>
  </ItemGroup>
  <ItemGroup>
    <ClCompile Include="src\wrapper\pixel\pixel.cpp">
      <Filter>src\wrapper\shader\pixel</Filter>
    </ClCompile>
    <ClCompile Include="src\wrapper\vertex\vertex.cpp">
      <Filter>src\wrapper\shader\vertex</Filter>
    </ClCompile>
    <ClCompile Include="src\renderer\renderer.cpp">
      <Filter>src\renderer</Filter>
    </ClCompile>
    <ClCompile Include="src\internal\frame-buffer\frame-buffer.cpp">
      <Filter>src\internal\frame-buffer</Filter>
    </ClCompile>
    <ClCompile Include="src\internal\mesh\mesh.cpp">
      <Filter>src\internal\mesh</Filter>
    </ClCompile>
    <ClCompile Include="src\shaders\linear-gradient-shader\linear-gradient-shader.cpp">
      <Filter>src\shaders\linear-gradient-shader</Filter>
    </ClCompile>
    <ClCompile Include="src\shaders\passthrough-color-shader\passthrough-color-shader.cpp">
      <Filter>src\shaders\passthrough-color-shader</Filter>
    </ClCompile>
    <ClCompile Include="src\shaders\passthrough-texture-shader\passthrough-texture-shader.cpp">
      <Filter>src\shaders\passthrough-texture-shader</Filter>
    </ClCompile>
    <ClCompile Include="src\shaders\quad-gradient-shader\quad-gradient-shader.cpp">
      <Filter>src\shaders\quad-gradient-shader</Filter>
    </ClCompile>
    <ClCompile Include="src\shaders\sdf-shader\sdf-shader.cpp">
      <Filter>src\shaders\sdf-shader</Filter>
    </ClCompile>
  </ItemGroup>
  <ItemGroup>
    <ClInclude Include="src\null-render-backend-directx9.h">
      <Filter>src</Filter>
    </ClInclude>
    <ClInclude Include="src\shaders\shader.h">
      <Filter>src\shaders</Filter>
    </ClInclude>
    <ClInclude Include="src\wrapper\shader\shader.h">
      <Filter>src\wrapper\shader</Filter>
    </ClInclude>
    <ClInclude Include="src\wrapper\pixel\pixel.h">
      <Filter>src\wrapper\shader\pixel</Filter>
    </ClInclude>
    <ClInclude Include="src\wrapper\vertex\vertex.h">
      <Filter>src\wrapper\shader\vertex</Filter>
    </ClInclude>
    <ClInclude Include="src\renderer\renderer.h">
      <Filter>src\renderer</Filter>
    </ClInclude>
    <ClInclude Include="src\internal\frame-buffer\frame-buffer.h">
      <Filter>src\internal\frame-buffer</Filter>
    </ClInclude>
    <ClInclude Include="src\internal\mesh\mesh.h">
      <Filter>src\internal\mesh</Filter>
    </ClInclude>
    <ClInclude Include="src\shaders\linear-gradient-shader\linear-gradient-shader.h">
      <Filter>src\shaders\linear-gradient-shader</Filter>
    </ClInclude>
    <ClInclude Include="src\shaders\passthrough-color-shader\passthrough-color-shader.h">
      <Filter>src\shaders\passthrough-color-shader</Filter>
    </ClInclude>
    <ClInclude Include="src\shaders\passthrough-texture-shader\passthrough-texture-shader.h">
      <Filter>src\shaders\passthrough-texture-shader</Filter>
    </ClInclude>
    <ClInclude Include="src\shaders\quad-gradient-shader\quad-gradient-shader.h">
      <Filter>src\shaders\quad-gradient-shader</Filter>
    </ClInclude>
    <ClInclude Include="src\shaders\sdf-shader\sdf-shader.h">
      <Filter>src\shaders\sdf-shader</Filter>
    </ClInclude>
    <ClInclude Include="src\shaders\shared-compiled-objects\passthrough-object\compiled-object.h">
      <Filter>src\shaders\shared-compiled-object\passthrough-object</Filter>
    </ClInclude>
    <ClInclude Include="src\shaders\sdf-shader\compiled-object.h">
      <Filter>src\shaders\sdf-shader</Filter>
    </ClInclude>
    <ClInclude Include="src\shaders\quad-gradient-shader\compiled-object.h">
      <Filter>src\shaders\quad-gradient-shader</Filter>
    </ClInclude>
    <ClInclude Include="src\shaders\passthrough-texture-shader\compiled-object.h">
      <Filter>src\shaders\passthrough-texture-shader</Filter>
    </ClInclude>
    <ClInclude Include="src\shaders\passthrough-color-shader\compiled-object.h">
      <Filter>src\shaders\passthrough-color-shader</Filter>
    </ClInclude>
    <ClInclude Include="src\shaders\linear-gradient-shader\compiled-object.h">
      <Filter>src\shaders\linear-gradient-shader</Filter>
    </ClInclude>
  </ItemGroup>
  <ItemGroup>
    <FxCompile Include="src\shaders\shared-compiled-objects\passthrough-object\hlsl\passthrough.hlsl">
      <Filter>src\shaders\shared-compiled-object\passthrough-object\hlsl</Filter>
    </FxCompile>
    <FxCompile Include="src\shaders\sdf-shader\hlsl\sdf.hlsl">
      <Filter>src\shaders\sdf-shader\hlsl</Filter>
    </FxCompile>
    <FxCompile Include="src\shaders\quad-gradient-shader\hlsl\quad-gradient.hlsl">
      <Filter>src\shaders\quad-gradient-shader\hlsl</Filter>
    </FxCompile>
    <FxCompile Include="src\shaders\passthrough-texture-shader\hlsl\passthrough-texture.hlsl">
      <Filter>src\shaders\passthrough-texture-shader\hlsl</Filter>
    </FxCompile>
    <FxCompile Include="src\shaders\passthrough-color-shader\hlsl\passthrough-color.hlsl">
      <Filter>src\shaders\passthrough-color-shader\hlsl</Filter>
    </FxCompile>
    <FxCompile Include="src\shaders\linear-gradient-shader\hlsl\linear-gradient.hlsl">
      <Filter>src\shaders\linear-gradient-shader\hlsl</Filter>
    </FxCompile>
  </ItemGroup>
</Project>